// !$*UTF8*$!
{
	archiveVersion = 1;
	classes = {
	};
	objectVersion = 46;
	objects = {

/* Begin PBXBuildFile section */
		038F47FEBED6AF8A9A46261B /* MessageUI.framework */ = {isa = PBXBuildFile; fileRef = F1004890AF6E09113E3B2209 /* MessageUI.framework */; };
		061F49599467792CFA438B60 /* CoreMedia.framework */ = {isa = PBXBuildFile; fileRef = 623D4E848040FF12AC530AB8 /* CoreMedia.framework */; };
		0D5747809640EF7CDD25CDBE /* sdkbox.framework */ = {isa = PBXBuildFile; fileRef = 247041F09432F8C5FDB2BA40 /* sdkbox.framework */; };
		0DC4423FBA32269684EF893E /* PluginVungleJS.cpp */ = {isa = PBXBuildFile; fileRef = E9A84FE48EBEEAC02A9901CD /* PluginVungleJS.cpp */; };
		0F284CA4961E941AC303C47B /* GameController.framework */ = {isa = PBXBuildFile; fileRef = 70834858BB0D44EA43A4BD04 /* GameController.framework */; };
		12924B738BAE02EFBD71EF77 /* libsimulator iOS.a */ = {isa = PBXBuildFile; fileRef = 95F14CA681C99ECE9C9848B1 /* libsimulator iOS.a */; };
		132A415C850910405C9D8B6C /* libcocos2d iOS.a */ = {isa = PBXBuildFile; fileRef = 8D8343929314773AE1443CD9 /* libcocos2d iOS.a */; };
		15754D6789DA7802E9DAF7A9 /* PluginChartboost.framework */ = {isa = PBXBuildFile; fileRef = 2E9B444CAD1655D688EFE64F /* PluginChartboost.framework */; };
		17BA46FC802A4C934BD3ADE9 /* WebKit.framework */ = {isa = PBXBuildFile; fileRef = 959748E9B3A4CAC6F1D5852B /* WebKit.framework */; };
		1A82F5FB169AC92500C4B13A /* libsqlite3.dylib */ = {isa = PBXBuildFile; fileRef = 1A82F5FA169AC92500C4B13A /* libsqlite3.dylib */; };
		1AC22EDE18CA0E11007112B9 /* project.json */ = {isa = PBXBuildFile; fileRef = 1A1A081B18C9DF05005C6854 /* project.json */; };
		1AD7E0A818C9DB93004817A6 /* main.js */ = {isa = PBXBuildFile; fileRef = 1A6BF21418C9DB5900FB0E1C /* main.js */; };
		1AD7E0A918C9DBE3004817A6 /* main.js */ = {isa = PBXBuildFile; fileRef = 1A6BF21418C9DB5900FB0E1C /* main.js */; };
		1AE159EC18C9DF3600FCA372 /* project.json */ = {isa = PBXBuildFile; fileRef = 1A1A081B18C9DF05005C6854 /* project.json */; };
		25384E3DA94AB1703EB09EA4 /* sdkbox.framework */ = {isa = PBXBuildFile; fileRef = 247041F09432F8C5FDB2BA40 /* sdkbox.framework */; };
		259A497E996B767E6E759AE9 /* PluginChartboostJS.cpp */ = {isa = PBXBuildFile; fileRef = 61EA43878E771DD75380273E /* PluginChartboostJS.cpp */; };
		2C5F4FA298B516C561DABD3F /* PluginVungle.framework */ = {isa = PBXBuildFile; fileRef = 08C14C0EB51BC419E4D4584E /* PluginVungle.framework */; };
		369A49BA93CFAC13E6D1C4D8 /* Social.framework */ = {isa = PBXBuildFile; fileRef = 54F2458A8C8DE3CBECBBD12E /* Social.framework */; };
		37BD47588A989C8D7895BC92 /* libz.1.2.5.dylib */ = {isa = PBXBuildFile; fileRef = A52A468081B888EDBB89BFA1 /* libz.1.2.5.dylib */; };
		384946CE99B222A91D781F91 /* PluginVungleJS.cpp */ = {isa = PBXBuildFile; fileRef = E9A84FE48EBEEAC02A9901CD /* PluginVungleJS.cpp */; };
		3DC843DD81D3A6603D5CFFE8 /* StoreKit.framework */ = {isa = PBXBuildFile; fileRef = 06634D2F8AA0EC0CBBFC63C2 /* StoreKit.framework */; };
		40164F2392C335138104415B /* PluginChartboostJSHelper.cpp */ = {isa = PBXBuildFile; fileRef = 60AD439CB98738E4D4B8CD0B /* PluginChartboostJSHelper.cpp */; };
		41B1485B889A4AEF905574A4 /* PluginVungleJSHelper.cpp */ = {isa = PBXBuildFile; fileRef = A099453BA3DAFC7E02156748 /* PluginVungleJSHelper.cpp */; };
		433444AAB6249FCE0421840C /* CoreLocation.framework */ = {isa = PBXBuildFile; fileRef = CB9047BDAE994FFED65F54D8 /* CoreLocation.framework */; };
		4F5A4099815808A425074EBF /* PluginAdColonyJS.cpp */ = {isa = PBXBuildFile; fileRef = 7F80407CAC6EB96A73031CC1 /* PluginAdColonyJS.cpp */; };
		502380DC17EBB88200990C9B /* libcurl.dylib */ = {isa = PBXBuildFile; fileRef = 502380DB17EBB88200990C9B /* libcurl.dylib */; };
		5091731A17ECDF7A00D62437 /* Icon-29.png */ = {isa = PBXBuildFile; fileRef = 5091731417ECDF7A00D62437 /* Icon-29.png */; };
		5091731B17ECDF7A00D62437 /* Icon-40.png */ = {isa = PBXBuildFile; fileRef = 5091731517ECDF7A00D62437 /* Icon-40.png */; };
		5091731C17ECDF7A00D62437 /* Icon-50.png */ = {isa = PBXBuildFile; fileRef = 5091731617ECDF7A00D62437 /* Icon-50.png */; };
		5091731D17ECDF7A00D62437 /* Icon-58.png */ = {isa = PBXBuildFile; fileRef = 5091731717ECDF7A00D62437 /* Icon-58.png */; };
		5091731E17ECDF7A00D62437 /* Icon-80.png */ = {isa = PBXBuildFile; fileRef = 5091731817ECDF7A00D62437 /* Icon-80.png */; };
		5091731F17ECDF7A00D62437 /* Icon-100.png */ = {isa = PBXBuildFile; fileRef = 5091731917ECDF7A00D62437 /* Icon-100.png */; };
		509D4A8117EBB24E00697056 /* AppDelegate.cpp */ = {isa = PBXBuildFile; fileRef = D4545215156E28EF00887EB5 /* AppDelegate.cpp */; };
		509D4A8817EBB24E00697056 /* libsqlite3.dylib */ = {isa = PBXBuildFile; fileRef = 1A82F5FA169AC92500C4B13A /* libsqlite3.dylib */; };
		509D4A8917EBB24E00697056 /* libz.dylib */ = {isa = PBXBuildFile; fileRef = D454520B156E22BD00887EB5 /* libz.dylib */; };
		509D4A8A17EBB24E00697056 /* QuartzCore.framework */ = {isa = PBXBuildFile; fileRef = A92275411517C094001B78AA /* QuartzCore.framework */; };
		509D4A8C17EBB24E00697056 /* OpenAL.framework */ = {isa = PBXBuildFile; fileRef = A92275451517C094001B78AA /* OpenAL.framework */; };
		509D4A8D17EBB24E00697056 /* AudioToolbox.framework */ = {isa = PBXBuildFile; fileRef = A92275471517C094001B78AA /* AudioToolbox.framework */; };
		509D4A9017EBB24E00697056 /* Foundation.framework */ = {isa = PBXBuildFile; fileRef = A922754D1517C094001B78AA /* Foundation.framework */; };
		509D4A9117EBB24E00697056 /* CoreGraphics.framework */ = {isa = PBXBuildFile; fileRef = A922754F1517C094001B78AA /* CoreGraphics.framework */; };
		509D4ABC17EBB2AB00697056 /* AppController.mm */ = {isa = PBXBuildFile; fileRef = 509D4AAC17EBB2AB00697056 /* AppController.mm */; };
		509D4ABD17EBB2AB00697056 /* Default-568h@2x.png */ = {isa = PBXBuildFile; fileRef = 509D4AAD17EBB2AB00697056 /* Default-568h@2x.png */; };
		509D4ABE17EBB2AB00697056 /* Default.png */ = {isa = PBXBuildFile; fileRef = 509D4AAE17EBB2AB00697056 /* Default.png */; };
		509D4ABF17EBB2AB00697056 /* Default@2x.png */ = {isa = PBXBuildFile; fileRef = 509D4AAF17EBB2AB00697056 /* Default@2x.png */; };
		509D4AC017EBB2AB00697056 /* Icon-57.png */ = {isa = PBXBuildFile; fileRef = 509D4AB017EBB2AB00697056 /* Icon-57.png */; };
		509D4AC117EBB2AB00697056 /* Icon-72.png */ = {isa = PBXBuildFile; fileRef = 509D4AB117EBB2AB00697056 /* Icon-72.png */; };
		509D4AC217EBB2AB00697056 /* Icon-76.png */ = {isa = PBXBuildFile; fileRef = 509D4AB217EBB2AB00697056 /* Icon-76.png */; };
		509D4AC317EBB2AB00697056 /* Icon-114.png */ = {isa = PBXBuildFile; fileRef = 509D4AB317EBB2AB00697056 /* Icon-114.png */; };
		509D4AC417EBB2AB00697056 /* Icon-120.png */ = {isa = PBXBuildFile; fileRef = 509D4AB417EBB2AB00697056 /* Icon-120.png */; };
		509D4AC517EBB2AB00697056 /* Icon-144.png */ = {isa = PBXBuildFile; fileRef = 509D4AB517EBB2AB00697056 /* Icon-144.png */; };
		509D4AC617EBB2AB00697056 /* Icon-152.png */ = {isa = PBXBuildFile; fileRef = 509D4AB617EBB2AB00697056 /* Icon-152.png */; };
		509D4AC817EBB2AB00697056 /* main.m */ = {isa = PBXBuildFile; fileRef = 509D4AB817EBB2AB00697056 /* main.m */; };
		509D4AC917EBB2AB00697056 /* RootViewController.mm */ = {isa = PBXBuildFile; fileRef = 509D4ABB17EBB2AB00697056 /* RootViewController.mm */; };
		509D4ACF17EBB2BE00697056 /* Icon.icns */ = {isa = PBXBuildFile; fileRef = 509D4ACB17EBB2BE00697056 /* Icon.icns */; };
		509D4AE717EBB81800697056 /* OpenGL.framework */ = {isa = PBXBuildFile; fileRef = 509D4AE617EBB81800697056 /* OpenGL.framework */; };
		509D4AE917EBB82000697056 /* AppKit.framework */ = {isa = PBXBuildFile; fileRef = 509D4AE817EBB82000697056 /* AppKit.framework */; };
		509D4AEB17EBB82600697056 /* IOKit.framework */ = {isa = PBXBuildFile; fileRef = 509D4AEA17EBB82600697056 /* IOKit.framework */; };
		59DAE20B1BEAE4490002BC66 /* Fyber_AdColony_2.6.0-r2.framework */ = {isa = PBXBuildFile; fileRef = 59DAE2091BEAE4490002BC66 /* Fyber_AdColony_2.6.0-r2.framework */; };
		59DAE20F1BEAE4640002BC66 /* Fyber_Chartboost_5.5.0-r2.framework */ = {isa = PBXBuildFile; fileRef = 59DAE20D1BEAE4640002BC66 /* Fyber_Chartboost_5.5.0-r2.framework */; };
		59DAE2191BEAE4700002BC66 /* Fyber_Vungle_3.2.0-r1.framework */ = {isa = PBXBuildFile; fileRef = 59DAE2111BEAE4700002BC66 /* Fyber_Vungle_3.2.0-r1.framework */; };
		59DAE21A1BEAE4700002BC66 /* __vungle.db */ = {isa = PBXBuildFile; fileRef = 59DAE2131BEAE4700002BC66 /* __vungle.db */; };
		59DAE21B1BEAE4700002BC66 /* vg_close.png */ = {isa = PBXBuildFile; fileRef = 59DAE2141BEAE4700002BC66 /* vg_close.png */; };
		59DAE21C1BEAE4700002BC66 /* vg_cta.png */ = {isa = PBXBuildFile; fileRef = 59DAE2151BEAE4700002BC66 /* vg_cta.png */; };
		59DAE21D1BEAE4700002BC66 /* vg_mute_off.png */ = {isa = PBXBuildFile; fileRef = 59DAE2161BEAE4700002BC66 /* vg_mute_off.png */; };
		59DAE21E1BEAE4700002BC66 /* vg_mute_on.png */ = {isa = PBXBuildFile; fileRef = 59DAE2171BEAE4700002BC66 /* vg_mute_on.png */; };
		59DAE21F1BEAE4700002BC66 /* VungleCompiler-Info.plist */ = {isa = PBXBuildFile; fileRef = 59DAE2181BEAE4700002BC66 /* VungleCompiler-Info.plist */; };
		5CA742C68BEF6831F9BBCB9A /* script */ = {isa = PBXBuildFile; fileRef = 3AF548079E4DCC8ABB162091 /* script */; };
		5E45479781873D200565955C /* AdSupport.framework */ = {isa = PBXBuildFile; fileRef = E1F64CA9AD3B08A3197C1A53 /* AdSupport.framework */; };
		5F104ECEAA6667E842A27507 /* CFNetwork.framework */ = {isa = PBXBuildFile; fileRef = DAB34DCDB3454D81E9C041BE /* CFNetwork.framework */; };
		688C4EC29F50CBC525A2F7A5 /* PluginAdColonyJSHelper.cpp */ = {isa = PBXBuildFile; fileRef = E86440BE8385E480A58FFD9D /* PluginAdColonyJSHelper.cpp */; };
		69DE4599A89DF9B1AEAA6584 /* CFNetwork.framework */ = {isa = PBXBuildFile; fileRef = DAB34DCDB3454D81E9C041BE /* CFNetwork.framework */; };
		6C054E738A966F88DE892C5E /* PluginAdColonyJS.cpp */ = {isa = PBXBuildFile; fileRef = 7F80407CAC6EB96A73031CC1 /* PluginAdColonyJS.cpp */; };
		6F874F5CB8D9F255FE8A782C /* EventKit.framework */ = {isa = PBXBuildFile; fileRef = FE1F4E88BEC1B94A57EBD2BF /* EventKit.framework */; };
		7142479192509B91B4D53A47 /* CoreTelephony.framework */ = {isa = PBXBuildFile; fileRef = A2394C12926508FAD92F6EA7 /* CoreTelephony.framework */; };
		838049E78FDAD5FCCDBB25D7 /* WebKit.framework */ = {isa = PBXBuildFile; fileRef = 959748E9B3A4CAC6F1D5852B /* WebKit.framework */; };
		86FD40D09A7D1ECDEB96B2AE /* Social.framework */ = {isa = PBXBuildFile; fileRef = 54F2458A8C8DE3CBECBBD12E /* Social.framework */; };
		87D4C4451AB2187000F68C44 /* Security.framework */ = {isa = PBXBuildFile; fileRef = 87D4C4441AB2187000F68C44 /* Security.framework */; };
		95E14F4C9D6CA1C44159D921 /* PluginVungle.framework */ = {isa = PBXBuildFile; fileRef = 08C14C0EB51BC419E4D4584E /* PluginVungle.framework */; };
		9A5E454A821969255A607673 /* SystemConfiguration.framework */ = {isa = PBXBuildFile; fileRef = 509A49729B090327730F92C4 /* SystemConfiguration.framework */; };
		9CA841849D9BCD3B4E9903B7 /* VungleSDK.framework */ = {isa = PBXBuildFile; fileRef = D5F4477DBC0F2BEC68287BC8 /* VungleSDK.framework */; };
		9CB94DD8BCACFD337456588B /* CoreLocation.framework */ = {isa = PBXBuildFile; fileRef = CB9047BDAE994FFED65F54D8 /* CoreLocation.framework */; };
		9F20C9E61A5BD38A006FB50B /* Security.framework */ = {isa = PBXBuildFile; fileRef = 9F20C9E11A5BBE85006FB50B /* Security.framework */; };
		9FC790271BABE8860019C2C9 /* PluginFyberJS.cpp */ = {isa = PBXBuildFile; fileRef = 9FC790211BABE8860019C2C9 /* PluginFyberJS.cpp */; };
		9FC790281BABE8860019C2C9 /* PluginFyberJSHelper.cpp */ = {isa = PBXBuildFile; fileRef = 9FC790231BABE8860019C2C9 /* PluginFyberJSHelper.cpp */; };
		9FC790291BABE8860019C2C9 /* SDKBoxJSHelper.cpp */ = {isa = PBXBuildFile; fileRef = 9FC790251BABE8860019C2C9 /* SDKBoxJSHelper.cpp */; };
		9FD1E6B11A51361B0009A6C5 /* ConsoleWindow.xib */ = {isa = PBXBuildFile; fileRef = 9FD1E69E1A51361B0009A6C5 /* ConsoleWindow.xib */; };
		9FD1E6B21A51361B0009A6C5 /* ConsoleWindowController.m */ = {isa = PBXBuildFile; fileRef = 9FD1E6A01A51361B0009A6C5 /* ConsoleWindowController.m */; };
		9FD1E6B31A51361B0009A6C5 /* DeviceEx-mac.mm */ = {isa = PBXBuildFile; fileRef = 9FD1E6A11A51361B0009A6C5 /* DeviceEx-mac.mm */; };
		9FD1E6B41A51361B0009A6C5 /* OpenUDIDMac.m */ = {isa = PBXBuildFile; fileRef = 9FD1E6A41A51361B0009A6C5 /* OpenUDIDMac.m */; };
		9FD1E6B51A51361B0009A6C5 /* PlayerEditBoxServiceMac.mm */ = {isa = PBXBuildFile; fileRef = 9FD1E6A61A51361B0009A6C5 /* PlayerEditBoxServiceMac.mm */; };
		9FD1E6B61A51361B0009A6C5 /* PlayerFileDialogServiceMac.mm */ = {isa = PBXBuildFile; fileRef = 9FD1E6A81A51361B0009A6C5 /* PlayerFileDialogServiceMac.mm */; };
		9FD1E6B71A51361B0009A6C5 /* PlayerMac.mm */ = {isa = PBXBuildFile; fileRef = 9FD1E6AA1A51361B0009A6C5 /* PlayerMac.mm */; };
		9FD1E6B81A51361B0009A6C5 /* PlayerMenuServiceMac.mm */ = {isa = PBXBuildFile; fileRef = 9FD1E6AC1A51361B0009A6C5 /* PlayerMenuServiceMac.mm */; };
		9FD1E6B91A51361B0009A6C5 /* PlayerMessageBoxServiceMac.mm */ = {isa = PBXBuildFile; fileRef = 9FD1E6AE1A51361B0009A6C5 /* PlayerMessageBoxServiceMac.mm */; };
		9FD1E6BA1A51361B0009A6C5 /* PlayerTaskServiceMac.mm */ = {isa = PBXBuildFile; fileRef = 9FD1E6B01A51361B0009A6C5 /* PlayerTaskServiceMac.mm */; };
		9FD1E6BD1A51362E0009A6C5 /* MainMenu.xib */ = {isa = PBXBuildFile; fileRef = 9FD1E6BB1A51362E0009A6C5 /* MainMenu.xib */; };
		9FFEB9A91A6AB7F70095C43A /* lang */ = {isa = PBXBuildFile; fileRef = 9FFEB9A01A6AB7F70095C43A /* lang */; };
		9FFEB9AC1A6AB7F70095C43A /* RuntimeJsImpl.cpp */ = {isa = PBXBuildFile; fileRef = 9FFEB9A31A6AB7F70095C43A /* RuntimeJsImpl.cpp */; };
		9FFEB9AD1A6AB7F70095C43A /* RuntimeJsImpl.cpp */ = {isa = PBXBuildFile; fileRef = 9FFEB9A31A6AB7F70095C43A /* RuntimeJsImpl.cpp */; };
		9FFEB9C21A6B86360095C43A /* SimpleConfigParser.cpp */ = {isa = PBXBuildFile; fileRef = 9FFEB9C01A6B86360095C43A /* SimpleConfigParser.cpp */; };
		A7954AEB821951B25D31C2A3 /* CoreMedia.framework */ = {isa = PBXBuildFile; fileRef = 623D4E848040FF12AC530AB8 /* CoreMedia.framework */; };
		A92275421517C094001B78AA /* QuartzCore.framework */ = {isa = PBXBuildFile; fileRef = A92275411517C094001B78AA /* QuartzCore.framework */; };
		A92275441517C094001B78AA /* OpenGLES.framework */ = {isa = PBXBuildFile; fileRef = A92275431517C094001B78AA /* OpenGLES.framework */; };
		A92275461517C094001B78AA /* OpenAL.framework */ = {isa = PBXBuildFile; fileRef = A92275451517C094001B78AA /* OpenAL.framework */; };
		A92275481517C094001B78AA /* AudioToolbox.framework */ = {isa = PBXBuildFile; fileRef = A92275471517C094001B78AA /* AudioToolbox.framework */; };
		A922754A1517C094001B78AA /* AVFoundation.framework */ = {isa = PBXBuildFile; fileRef = A92275491517C094001B78AA /* AVFoundation.framework */; };
		A922754C1517C094001B78AA /* UIKit.framework */ = {isa = PBXBuildFile; fileRef = A922754B1517C094001B78AA /* UIKit.framework */; };
		A922754E1517C094001B78AA /* Foundation.framework */ = {isa = PBXBuildFile; fileRef = A922754D1517C094001B78AA /* Foundation.framework */; };
		A92275501517C094001B78AA /* CoreGraphics.framework */ = {isa = PBXBuildFile; fileRef = A922754F1517C094001B78AA /* CoreGraphics.framework */; };
		AEDF49638650A33BD2A8EB76 /* PluginChartboost.framework */ = {isa = PBXBuildFile; fileRef = 2E9B444CAD1655D688EFE64F /* PluginChartboost.framework */; };
		B22F40EAAF65557B0F055941 /* SystemConfiguration.framework */ = {isa = PBXBuildFile; fileRef = 509A49729B090327730F92C4 /* SystemConfiguration.framework */; };
		BA4E718719EB6E7900932425 /* MediaPlayer.framework */ = {isa = PBXBuildFile; fileRef = BA4E718619EB6E7900932425 /* MediaPlayer.framework */; };
		C03780EB18BEE0E400FE4F13 /* src */ = {isa = PBXBuildFile; fileRef = C03780EA18BEE0E400FE4F13 /* src */; };
		C03780EC18BEE0E400FE4F13 /* src */ = {isa = PBXBuildFile; fileRef = C03780EA18BEE0E400FE4F13 /* src */; };
		C03C8B4B18A770DD00723415 /* main.m */ = {isa = PBXBuildFile; fileRef = C03C8B4818A770DD00723415 /* main.m */; };
		C05D1C171923467600B808A4 /* config.json */ = {isa = PBXBuildFile; fileRef = C05D1C161923467600B808A4 /* config.json */; };
		C05D1C181923467600B808A4 /* config.json */ = {isa = PBXBuildFile; fileRef = C05D1C161923467600B808A4 /* config.json */; };
		C0799CB918BAE62000E9C828 /* res */ = {isa = PBXBuildFile; fileRef = C0799CB518BAE62000E9C828 /* res */; };
		C0799CBA18BAE62000E9C828 /* res */ = {isa = PBXBuildFile; fileRef = C0799CB518BAE62000E9C828 /* res */; };
		C0C2F37418AA0C66003976DA /* SimulatorApp.mm */ = {isa = PBXBuildFile; fileRef = C0C2F37318AA0C66003976DA /* SimulatorApp.mm */; };
		C3B145B892B9283CDA921263 /* libjscocos2d iOS.a */ = {isa = PBXBuildFile; fileRef = 69764A0CBBA63DA2380140A1 /* libjscocos2d iOS.a */; };
		D06246DEA39F7867E8E67EC4 /* CoreTelephony.framework */ = {isa = PBXBuildFile; fileRef = A2394C12926508FAD92F6EA7 /* CoreTelephony.framework */; };
		D086497A84D5AB9A7AC25F04 /* EventKit.framework */ = {isa = PBXBuildFile; fileRef = FE1F4E88BEC1B94A57EBD2BF /* EventKit.framework */; };
		D0A2444F860D173ED662946E /* PluginFyber.framework */ = {isa = PBXBuildFile; fileRef = 53F44AD4B8E650AC28094C26 /* PluginFyber.framework */; };
		D454520C156E22BD00887EB5 /* libz.dylib */ = {isa = PBXBuildFile; fileRef = D454520B156E22BD00887EB5 /* libz.dylib */; };
		D4545227156E28EF00887EB5 /* AppDelegate.cpp */ = {isa = PBXBuildFile; fileRef = D4545215156E28EF00887EB5 /* AppDelegate.cpp */; };
		D6B061241803AB9F0077942B /* CoreMotion.framework */ = {isa = PBXBuildFile; fileRef = D6B061231803AB9F0077942B /* CoreMotion.framework */; };
		D81944B9BCF9AAC8E8320DF5 /* StoreKit.framework */ = {isa = PBXBuildFile; fileRef = 06634D2F8AA0EC0CBBFC63C2 /* StoreKit.framework */; };
		D81D4E1D8F3A88561AB2C769 /* PluginVungleJSHelper.cpp */ = {isa = PBXBuildFile; fileRef = A099453BA3DAFC7E02156748 /* PluginVungleJSHelper.cpp */; };
		DC594DE9AC4CF01FF0CB2299 /* EventKitUI.framework */ = {isa = PBXBuildFile; fileRef = 9B1E45669553287EABF64688 /* EventKitUI.framework */; };
		DE36403785FE2C14646A44E7 /* AdSupport.framework */ = {isa = PBXBuildFile; fileRef = E1F64CA9AD3B08A3197C1A53 /* AdSupport.framework */; };
		DFA544A9A2F99ED0BB29817F /* MessageUI.framework */ = {isa = PBXBuildFile; fileRef = F1004890AF6E09113E3B2209 /* MessageUI.framework */; };
		E5E842A8A31B6E1CE568BAEE /* script */ = {isa = PBXBuildFile; fileRef = 3AF548079E4DCC8ABB162091 /* script */; };
		E62949A19B692D8E24D1C066 /* PluginAdColonyJSHelper.cpp */ = {isa = PBXBuildFile; fileRef = E86440BE8385E480A58FFD9D /* PluginAdColonyJSHelper.cpp */; };
		E74C4A5986103E229F22EA4E /* GameController.framework */ = {isa = PBXBuildFile; fileRef = 70834858BB0D44EA43A4BD04 /* GameController.framework */; };
		E8EF46AE863131B13992744A /* PluginFyber.framework */ = {isa = PBXBuildFile; fileRef = 53F44AD4B8E650AC28094C26 /* PluginFyber.framework */; };
		E9C04A2C9937B74E60BA36F0 /* AdColony.framework */ = {isa = PBXBuildFile; fileRef = 4F2C4A1AB6454BDDE4F4A650 /* AdColony.framework */; };
		F15E4E6EAEAD46BAFBB00F36 /* libz.1.2.5.dylib */ = {isa = PBXBuildFile; fileRef = A52A468081B888EDBB89BFA1 /* libz.1.2.5.dylib */; };
		F2A54171B59746EDE19DE5E5 /* EventKitUI.framework */ = {isa = PBXBuildFile; fileRef = 9B1E45669553287EABF64688 /* EventKitUI.framework */; };
		F2CC44DEA03DED2005B2AD47 /* Chartboost.framework */ = {isa = PBXBuildFile; fileRef = D41646C5B8AE7CA4C3962C1D /* Chartboost.framework */; };
		F37145F0A05F7302AE991AB2 /* PluginChartboostJSHelper.cpp */ = {isa = PBXBuildFile; fileRef = 60AD439CB98738E4D4B8CD0B /* PluginChartboostJSHelper.cpp */; };
		FA574591B25A0BC6D0F245F9 /* PluginChartboostJS.cpp */ = {isa = PBXBuildFile; fileRef = 61EA43878E771DD75380273E /* PluginChartboostJS.cpp */; };
		FBA14A938FC9156088378224 /* PluginAdColony.framework */ = {isa = PBXBuildFile; fileRef = 0BBA4344AF8C614612B932F6 /* PluginAdColony.framework */; };
		FE1648F7B4F4A5749C2DAC7E /* PluginAdColony.framework */ = {isa = PBXBuildFile; fileRef = 0BBA4344AF8C614612B932F6 /* PluginAdColony.framework */; };
/* End PBXBuildFile section */

/* Begin PBXFileReference section */
		06634D2F8AA0EC0CBBFC63C2 /* StoreKit.framework */ = {isa = PBXFileReference; lastKnownFileType = wrapper.framework; name = StoreKit.framework; path = Platforms/iPhoneOS.platform/Developer/SDKs/iPhoneOS.sdk/System/Library/Frameworks/StoreKit.framework; sourceTree = DEVELOPER_DIR; };
		08C14C0EB51BC419E4D4584E /* PluginVungle.framework */ = {isa = PBXFileReference; lastKnownFileType = wrapper.framework; path = PluginVungle.framework; sourceTree = SOURCE_ROOT; };
		0BBA4344AF8C614612B932F6 /* PluginAdColony.framework */ = {isa = PBXFileReference; lastKnownFileType = wrapper.framework; path = PluginAdColony.framework; sourceTree = SOURCE_ROOT; };
		1A1A081B18C9DF05005C6854 /* project.json */ = {isa = PBXFileReference; lastKnownFileType = text.json; name = project.json; path = ../../../project.json; sourceTree = "<group>"; };
		1A6BF21418C9DB5900FB0E1C /* main.js */ = {isa = PBXFileReference; fileEncoding = 4; lastKnownFileType = sourcecode.javascript; name = main.js; path = ../../../main.js; sourceTree = "<group>"; };
		1A82F5FA169AC92500C4B13A /* libsqlite3.dylib */ = {isa = PBXFileReference; lastKnownFileType = compiled.mach-o.dylib; name = libsqlite3.dylib; path = usr/lib/libsqlite3.dylib; sourceTree = SDKROOT; };
		1A96A4F2174A3432008653A9 /* libcurl.a */ = {isa = PBXFileReference; lastKnownFileType = archive.ar; name = libcurl.a; path = ../../../../cocos2d-x-3.6-lib/cocos2dx/platform/third_party/ios/libraries/libcurl.a; sourceTree = "<group>"; };
		247041F09432F8C5FDB2BA40 /* sdkbox.framework */ = {isa = PBXFileReference; lastKnownFileType = wrapper.framework; path = sdkbox.framework; sourceTree = "<group>"; };
		2E9B444CAD1655D688EFE64F /* PluginChartboost.framework */ = {isa = PBXFileReference; lastKnownFileType = wrapper.framework; path = PluginChartboost.framework; sourceTree = SOURCE_ROOT; };
		3AF548079E4DCC8ABB162091 /* script */ = {isa = PBXFileReference; lastKnownFileType = "?"; name = script; path = ../../../script; sourceTree = "<group>"; };
		4F2C4A1AB6454BDDE4F4A650 /* AdColony.framework */ = {isa = PBXFileReference; lastKnownFileType = wrapper.framework; name = AdColony.framework; path = AdColony.framework; sourceTree = SOURCE_ROOT; };
		502380DB17EBB88200990C9B /* libcurl.dylib */ = {isa = PBXFileReference; lastKnownFileType = compiled.mach-o.dylib; name = libcurl.dylib; path = usr/lib/libcurl.dylib; sourceTree = SDKROOT; };
		5091731417ECDF7A00D62437 /* Icon-29.png */ = {isa = PBXFileReference; lastKnownFileType = image.png; name = Icon-29.png; path = ios/Icon-29.png; sourceTree = "<group>"; };
		5091731517ECDF7A00D62437 /* Icon-40.png */ = {isa = PBXFileReference; lastKnownFileType = image.png; name = Icon-40.png; path = ios/Icon-40.png; sourceTree = "<group>"; };
		5091731617ECDF7A00D62437 /* Icon-50.png */ = {isa = PBXFileReference; lastKnownFileType = image.png; name = Icon-50.png; path = ios/Icon-50.png; sourceTree = "<group>"; };
		5091731717ECDF7A00D62437 /* Icon-58.png */ = {isa = PBXFileReference; lastKnownFileType = image.png; name = Icon-58.png; path = ios/Icon-58.png; sourceTree = "<group>"; };
		5091731817ECDF7A00D62437 /* Icon-80.png */ = {isa = PBXFileReference; lastKnownFileType = image.png; name = Icon-80.png; path = ios/Icon-80.png; sourceTree = "<group>"; };
		5091731917ECDF7A00D62437 /* Icon-100.png */ = {isa = PBXFileReference; lastKnownFileType = image.png; name = Icon-100.png; path = ios/Icon-100.png; sourceTree = "<group>"; };
		509A49729B090327730F92C4 /* SystemConfiguration.framework */ = {isa = PBXFileReference; lastKnownFileType = wrapper.framework; name = SystemConfiguration.framework; path = Platforms/iPhoneOS.platform/Developer/SDKs/iPhoneOS.sdk/System/Library/Frameworks/SystemConfiguration.framework; sourceTree = DEVELOPER_DIR; };
		509D4AAA17EBB24E00697056 /* js Mac.app */ = {isa = PBXFileReference; explicitFileType = wrapper.application; includeInIndex = 0; path = "js Mac.app"; sourceTree = BUILT_PRODUCTS_DIR; };
		509D4AAB17EBB2AB00697056 /* AppController.h */ = {isa = PBXFileReference; fileEncoding = 4; lastKnownFileType = sourcecode.c.h; name = AppController.h; path = ios/AppController.h; sourceTree = "<group>"; };
		509D4AAC17EBB2AB00697056 /* AppController.mm */ = {isa = PBXFileReference; fileEncoding = 4; lastKnownFileType = sourcecode.cpp.objcpp; name = AppController.mm; path = ios/AppController.mm; sourceTree = "<group>"; };
		509D4AAD17EBB2AB00697056 /* Default-568h@2x.png */ = {isa = PBXFileReference; lastKnownFileType = image.png; name = "Default-568h@2x.png"; path = "ios/Default-568h@2x.png"; sourceTree = "<group>"; };
		509D4AAE17EBB2AB00697056 /* Default.png */ = {isa = PBXFileReference; lastKnownFileType = image.png; name = Default.png; path = ios/Default.png; sourceTree = "<group>"; };
		509D4AAF17EBB2AB00697056 /* Default@2x.png */ = {isa = PBXFileReference; lastKnownFileType = image.png; name = "Default@2x.png"; path = "ios/Default@2x.png"; sourceTree = "<group>"; };
		509D4AB017EBB2AB00697056 /* Icon-57.png */ = {isa = PBXFileReference; lastKnownFileType = image.png; name = Icon-57.png; path = ios/Icon-57.png; sourceTree = "<group>"; };
		509D4AB117EBB2AB00697056 /* Icon-72.png */ = {isa = PBXFileReference; lastKnownFileType = image.png; name = Icon-72.png; path = ios/Icon-72.png; sourceTree = "<group>"; };
		509D4AB217EBB2AB00697056 /* Icon-76.png */ = {isa = PBXFileReference; lastKnownFileType = image.png; name = Icon-76.png; path = ios/Icon-76.png; sourceTree = "<group>"; };
		509D4AB317EBB2AB00697056 /* Icon-114.png */ = {isa = PBXFileReference; lastKnownFileType = image.png; name = Icon-114.png; path = ios/Icon-114.png; sourceTree = "<group>"; };
		509D4AB417EBB2AB00697056 /* Icon-120.png */ = {isa = PBXFileReference; lastKnownFileType = image.png; name = Icon-120.png; path = ios/Icon-120.png; sourceTree = "<group>"; };
		509D4AB517EBB2AB00697056 /* Icon-144.png */ = {isa = PBXFileReference; lastKnownFileType = image.png; name = Icon-144.png; path = ios/Icon-144.png; sourceTree = "<group>"; };
		509D4AB617EBB2AB00697056 /* Icon-152.png */ = {isa = PBXFileReference; lastKnownFileType = image.png; name = Icon-152.png; path = ios/Icon-152.png; sourceTree = "<group>"; };
		509D4AB717EBB2AB00697056 /* Info.plist */ = {isa = PBXFileReference; fileEncoding = 4; lastKnownFileType = text.plist.xml; name = Info.plist; path = ios/Info.plist; sourceTree = "<group>"; };
		509D4AB817EBB2AB00697056 /* main.m */ = {isa = PBXFileReference; fileEncoding = 4; lastKnownFileType = sourcecode.c.objc; name = main.m; path = ios/main.m; sourceTree = "<group>"; };
		509D4AB917EBB2AB00697056 /* Prefix.pch */ = {isa = PBXFileReference; fileEncoding = 4; lastKnownFileType = sourcecode.c.h; name = Prefix.pch; path = ios/Prefix.pch; sourceTree = "<group>"; };
		509D4ABA17EBB2AB00697056 /* RootViewController.h */ = {isa = PBXFileReference; fileEncoding = 4; lastKnownFileType = sourcecode.c.h; name = RootViewController.h; path = ios/RootViewController.h; sourceTree = "<group>"; };
		509D4ABB17EBB2AB00697056 /* RootViewController.mm */ = {isa = PBXFileReference; fileEncoding = 4; lastKnownFileType = sourcecode.cpp.objcpp; name = RootViewController.mm; path = ios/RootViewController.mm; sourceTree = "<group>"; };
		509D4ACB17EBB2BE00697056 /* Icon.icns */ = {isa = PBXFileReference; lastKnownFileType = image.icns; path = Icon.icns; sourceTree = "<group>"; };
		509D4ACC17EBB2BE00697056 /* Info.plist */ = {isa = PBXFileReference; fileEncoding = 4; lastKnownFileType = text.plist.xml; path = Info.plist; sourceTree = "<group>"; };
		509D4ACE17EBB2BE00697056 /* Prefix.pch */ = {isa = PBXFileReference; fileEncoding = 4; lastKnownFileType = sourcecode.c.h; path = Prefix.pch; sourceTree = "<group>"; };
		509D4AE617EBB81800697056 /* OpenGL.framework */ = {isa = PBXFileReference; lastKnownFileType = wrapper.framework; name = OpenGL.framework; path = System/Library/Frameworks/OpenGL.framework; sourceTree = SDKROOT; };
		509D4AE817EBB82000697056 /* AppKit.framework */ = {isa = PBXFileReference; lastKnownFileType = wrapper.framework; name = AppKit.framework; path = System/Library/Frameworks/AppKit.framework; sourceTree = SDKROOT; };
		509D4AEA17EBB82600697056 /* IOKit.framework */ = {isa = PBXFileReference; lastKnownFileType = wrapper.framework; name = IOKit.framework; path = System/Library/Frameworks/IOKit.framework; sourceTree = SDKROOT; };
		53F44AD4B8E650AC28094C26 /* PluginFyber.framework */ = {isa = PBXFileReference; lastKnownFileType = wrapper.framework; path = PluginFyber.framework; sourceTree = "<group>"; };
		54F2458A8C8DE3CBECBBD12E /* Social.framework */ = {isa = PBXFileReference; lastKnownFileType = wrapper.framework; name = Social.framework; path = Platforms/iPhoneOS.platform/Developer/SDKs/iPhoneOS.sdk/System/Library/Frameworks/Social.framework; sourceTree = DEVELOPER_DIR; };
		59DAE2091BEAE4490002BC66 /* Fyber_AdColony_2.6.0-r2.framework */ = {isa = PBXFileReference; lastKnownFileType = wrapper.framework; path = Fyber_AdColony_2.6.0-r2.framework; sourceTree = "<group>"; };
		59DAE20D1BEAE4640002BC66 /* Fyber_Chartboost_5.5.0-r2.framework */ = {isa = PBXFileReference; lastKnownFileType = wrapper.framework; path = Fyber_Chartboost_5.5.0-r2.framework; sourceTree = "<group>"; };
		59DAE2111BEAE4700002BC66 /* Fyber_Vungle_3.2.0-r1.framework */ = {isa = PBXFileReference; lastKnownFileType = wrapper.framework; path = Fyber_Vungle_3.2.0-r1.framework; sourceTree = "<group>"; };
		59DAE2131BEAE4700002BC66 /* __vungle.db */ = {isa = PBXFileReference; lastKnownFileType = file; path = __vungle.db; sourceTree = "<group>"; };
		59DAE2141BEAE4700002BC66 /* vg_close.png */ = {isa = PBXFileReference; lastKnownFileType = image.png; path = vg_close.png; sourceTree = "<group>"; };
		59DAE2151BEAE4700002BC66 /* vg_cta.png */ = {isa = PBXFileReference; lastKnownFileType = image.png; path = vg_cta.png; sourceTree = "<group>"; };
		59DAE2161BEAE4700002BC66 /* vg_mute_off.png */ = {isa = PBXFileReference; lastKnownFileType = image.png; path = vg_mute_off.png; sourceTree = "<group>"; };
		59DAE2171BEAE4700002BC66 /* vg_mute_on.png */ = {isa = PBXFileReference; lastKnownFileType = image.png; path = vg_mute_on.png; sourceTree = "<group>"; };
		59DAE2181BEAE4700002BC66 /* VungleCompiler-Info.plist */ = {isa = PBXFileReference; lastKnownFileType = file.bplist; path = VungleCompiler-Info.plist; sourceTree = "<group>"; };
		60AD439CB98738E4D4B8CD0B /* PluginChartboostJSHelper.cpp */ = {isa = PBXFileReference; lastKnownFileType = sourcecode.cpp.cpp; name = PluginChartboostJSHelper.cpp; path = ../Classes/PluginChartboostJSHelper.cpp; sourceTree = SOURCE_ROOT; };
		61EA43878E771DD75380273E /* PluginChartboostJS.cpp */ = {isa = PBXFileReference; lastKnownFileType = sourcecode.cpp.cpp; name = PluginChartboostJS.cpp; path = ../Classes/PluginChartboostJS.cpp; sourceTree = SOURCE_ROOT; };
		623D4E848040FF12AC530AB8 /* CoreMedia.framework */ = {isa = PBXFileReference; lastKnownFileType = wrapper.framework; name = CoreMedia.framework; path = Platforms/iPhoneOS.platform/Developer/SDKs/iPhoneOS.sdk/System/Library/Frameworks/CoreMedia.framework; sourceTree = DEVELOPER_DIR; };
		69764A0CBBA63DA2380140A1 /* libjscocos2d iOS.a */ = {isa = PBXFileReference; lastKnownFileType = archive.ar; name = "libjscocos2d iOS.a"; path = "../../../../cocos2d-x-3.6-lib/prebuilt/ios/libjscocos2d iOS.a"; sourceTree = "<absolute>"; };
		70834858BB0D44EA43A4BD04 /* GameController.framework */ = {isa = PBXFileReference; lastKnownFileType = wrapper.framework; name = GameController.framework; path = Platforms/iPhoneOS.platform/Developer/SDKs/iPhoneOS.sdk/System/Library/Frameworks/GameController.framework; sourceTree = DEVELOPER_DIR; };
		765847358E4449F3E854DB0F /* PluginAdColonyJSHelper.h */ = {isa = PBXFileReference; lastKnownFileType = sourcecode.c.h; name = PluginAdColonyJSHelper.h; path = ../Classes/PluginAdColonyJSHelper.h; sourceTree = SOURCE_ROOT; };
		76854B4994FF4504B98A9073 /* PluginChartboostJSHelper.h */ = {isa = PBXFileReference; lastKnownFileType = sourcecode.c.h; name = PluginChartboostJSHelper.h; path = ../Classes/PluginChartboostJSHelper.h; sourceTree = SOURCE_ROOT; };
		7F80407CAC6EB96A73031CC1 /* PluginAdColonyJS.cpp */ = {isa = PBXFileReference; lastKnownFileType = sourcecode.cpp.cpp; name = PluginAdColonyJS.cpp; path = ../Classes/PluginAdColonyJS.cpp; sourceTree = SOURCE_ROOT; };
		87D4C4441AB2187000F68C44 /* Security.framework */ = {isa = PBXFileReference; lastKnownFileType = wrapper.framework; name = Security.framework; path = System/Library/Frameworks/Security.framework; sourceTree = SDKROOT; };
		8D8343929314773AE1443CD9 /* libcocos2d iOS.a */ = {isa = PBXFileReference; lastKnownFileType = archive.ar; name = "libcocos2d iOS.a"; path = "../../../../cocos2d-x-3.6-lib/prebuilt/ios/libcocos2d iOS.a"; sourceTree = "<absolute>"; };
		932D40EF84945B02B81E83DF /* PluginVungleJS.hpp */ = {isa = PBXFileReference; lastKnownFileType = sourcecode.c.h; name = PluginVungleJS.hpp; path = ../Classes/PluginVungleJS.hpp; sourceTree = SOURCE_ROOT; };
		959748E9B3A4CAC6F1D5852B /* WebKit.framework */ = {isa = PBXFileReference; lastKnownFileType = wrapper.framework; name = WebKit.framework; path = Platforms/iPhoneOS.platform/Developer/SDKs/iPhoneOS.sdk/System/Library/Frameworks/WebKit.framework; sourceTree = DEVELOPER_DIR; };
		95F14CA681C99ECE9C9848B1 /* libsimulator iOS.a */ = {isa = PBXFileReference; lastKnownFileType = archive.ar; name = "libsimulator iOS.a"; path = "../../../../cocos2d-x-3.6-lib/prebuilt/ios/libsimulator iOS.a"; sourceTree = "<absolute>"; };
		9B1E45669553287EABF64688 /* EventKitUI.framework */ = {isa = PBXFileReference; lastKnownFileType = wrapper.framework; name = EventKitUI.framework; path = Platforms/iPhoneOS.platform/Developer/SDKs/iPhoneOS.sdk/System/Library/Frameworks/EventKitUI.framework; sourceTree = DEVELOPER_DIR; };
		9F20C9E11A5BBE85006FB50B /* Security.framework */ = {isa = PBXFileReference; lastKnownFileType = wrapper.framework; name = Security.framework; path = Platforms/iPhoneOS.platform/Developer/SDKs/iPhoneOS8.1.sdk/System/Library/Frameworks/Security.framework; sourceTree = DEVELOPER_DIR; };
		9FC790211BABE8860019C2C9 /* PluginFyberJS.cpp */ = {isa = PBXFileReference; fileEncoding = 4; lastKnownFileType = sourcecode.cpp.cpp; path = PluginFyberJS.cpp; sourceTree = "<group>"; };
		9FC790221BABE8860019C2C9 /* PluginFyberJS.hpp */ = {isa = PBXFileReference; fileEncoding = 4; lastKnownFileType = sourcecode.cpp.h; path = PluginFyberJS.hpp; sourceTree = "<group>"; };
		9FC790231BABE8860019C2C9 /* PluginFyberJSHelper.cpp */ = {isa = PBXFileReference; fileEncoding = 4; lastKnownFileType = sourcecode.cpp.cpp; path = PluginFyberJSHelper.cpp; sourceTree = "<group>"; };
		9FC790241BABE8860019C2C9 /* PluginFyberJSHelper.h */ = {isa = PBXFileReference; fileEncoding = 4; lastKnownFileType = sourcecode.c.h; path = PluginFyberJSHelper.h; sourceTree = "<group>"; };
		9FC790251BABE8860019C2C9 /* SDKBoxJSHelper.cpp */ = {isa = PBXFileReference; fileEncoding = 4; lastKnownFileType = sourcecode.cpp.cpp; path = SDKBoxJSHelper.cpp; sourceTree = "<group>"; };
		9FC790261BABE8860019C2C9 /* SDKBoxJSHelper.h */ = {isa = PBXFileReference; fileEncoding = 4; lastKnownFileType = sourcecode.c.h; path = SDKBoxJSHelper.h; sourceTree = "<group>"; };
		9FD1E69E1A51361B0009A6C5 /* ConsoleWindow.xib */ = {isa = PBXFileReference; fileEncoding = 4; lastKnownFileType = file.xib; path = ConsoleWindow.xib; sourceTree = "<group>"; };
		9FD1E69F1A51361B0009A6C5 /* ConsoleWindowController.h */ = {isa = PBXFileReference; fileEncoding = 4; lastKnownFileType = sourcecode.c.h; path = ConsoleWindowController.h; sourceTree = "<group>"; };
		9FD1E6A01A51361B0009A6C5 /* ConsoleWindowController.m */ = {isa = PBXFileReference; fileEncoding = 4; lastKnownFileType = sourcecode.c.objc; path = ConsoleWindowController.m; sourceTree = "<group>"; };
		9FD1E6A11A51361B0009A6C5 /* DeviceEx-mac.mm */ = {isa = PBXFileReference; fileEncoding = 4; lastKnownFileType = sourcecode.cpp.objcpp; path = DeviceEx-mac.mm; sourceTree = "<group>"; };
		9FD1E6A31A51361B0009A6C5 /* OpenUDIDMac.h */ = {isa = PBXFileReference; fileEncoding = 4; lastKnownFileType = sourcecode.c.h; path = OpenUDIDMac.h; sourceTree = "<group>"; };
		9FD1E6A41A51361B0009A6C5 /* OpenUDIDMac.m */ = {isa = PBXFileReference; fileEncoding = 4; lastKnownFileType = sourcecode.c.objc; path = OpenUDIDMac.m; sourceTree = "<group>"; };
		9FD1E6A51A51361B0009A6C5 /* PlayerEditBoxServiceMac.h */ = {isa = PBXFileReference; fileEncoding = 4; lastKnownFileType = sourcecode.c.h; path = PlayerEditBoxServiceMac.h; sourceTree = "<group>"; };
		9FD1E6A61A51361B0009A6C5 /* PlayerEditBoxServiceMac.mm */ = {isa = PBXFileReference; fileEncoding = 4; lastKnownFileType = sourcecode.cpp.objcpp; path = PlayerEditBoxServiceMac.mm; sourceTree = "<group>"; };
		9FD1E6A71A51361B0009A6C5 /* PlayerFileDialogServiceMac.h */ = {isa = PBXFileReference; fileEncoding = 4; lastKnownFileType = sourcecode.c.h; path = PlayerFileDialogServiceMac.h; sourceTree = "<group>"; };
		9FD1E6A81A51361B0009A6C5 /* PlayerFileDialogServiceMac.mm */ = {isa = PBXFileReference; fileEncoding = 4; lastKnownFileType = sourcecode.cpp.objcpp; path = PlayerFileDialogServiceMac.mm; sourceTree = "<group>"; };
		9FD1E6A91A51361B0009A6C5 /* PlayerMac.h */ = {isa = PBXFileReference; fileEncoding = 4; lastKnownFileType = sourcecode.c.h; path = PlayerMac.h; sourceTree = "<group>"; };
		9FD1E6AA1A51361B0009A6C5 /* PlayerMac.mm */ = {isa = PBXFileReference; fileEncoding = 4; lastKnownFileType = sourcecode.cpp.objcpp; path = PlayerMac.mm; sourceTree = "<group>"; };
		9FD1E6AB1A51361B0009A6C5 /* PlayerMenuServiceMac.h */ = {isa = PBXFileReference; fileEncoding = 4; lastKnownFileType = sourcecode.c.h; path = PlayerMenuServiceMac.h; sourceTree = "<group>"; };
		9FD1E6AC1A51361B0009A6C5 /* PlayerMenuServiceMac.mm */ = {isa = PBXFileReference; fileEncoding = 4; lastKnownFileType = sourcecode.cpp.objcpp; path = PlayerMenuServiceMac.mm; sourceTree = "<group>"; };
		9FD1E6AD1A51361B0009A6C5 /* PlayerMessageBoxServiceMac.h */ = {isa = PBXFileReference; fileEncoding = 4; lastKnownFileType = sourcecode.c.h; path = PlayerMessageBoxServiceMac.h; sourceTree = "<group>"; };
		9FD1E6AE1A51361B0009A6C5 /* PlayerMessageBoxServiceMac.mm */ = {isa = PBXFileReference; fileEncoding = 4; lastKnownFileType = sourcecode.cpp.objcpp; path = PlayerMessageBoxServiceMac.mm; sourceTree = "<group>"; };
		9FD1E6AF1A51361B0009A6C5 /* PlayerTaskServiceMac.h */ = {isa = PBXFileReference; fileEncoding = 4; lastKnownFileType = sourcecode.c.h; path = PlayerTaskServiceMac.h; sourceTree = "<group>"; };
		9FD1E6B01A51361B0009A6C5 /* PlayerTaskServiceMac.mm */ = {isa = PBXFileReference; fileEncoding = 4; lastKnownFileType = sourcecode.cpp.objcpp; path = PlayerTaskServiceMac.mm; sourceTree = "<group>"; };
		9FD1E6BC1A51362E0009A6C5 /* Base */ = {isa = PBXFileReference; lastKnownFileType = file.xib; name = Base; path = Base.lproj/MainMenu.xib; sourceTree = "<group>"; };
		9FD1E6BE1A5136370009A6C5 /* zh-Hans */ = {isa = PBXFileReference; lastKnownFileType = file.xib; name = zh-Hans; path = zh-Hans.lproj/MainMenu.xib; sourceTree = "<group>"; };
		9FFEB99F1A6AB7F70095C43A /* CodeIDESupport.h */ = {isa = PBXFileReference; fileEncoding = 4; lastKnownFileType = sourcecode.c.h; path = CodeIDESupport.h; sourceTree = "<group>"; };
		9FFEB9A01A6AB7F70095C43A /* lang */ = {isa = PBXFileReference; fileEncoding = 4; lastKnownFileType = text; path = lang; sourceTree = "<group>"; };
		9FFEB9A31A6AB7F70095C43A /* RuntimeJsImpl.cpp */ = {isa = PBXFileReference; fileEncoding = 4; lastKnownFileType = sourcecode.cpp.cpp; path = RuntimeJsImpl.cpp; sourceTree = "<group>"; };
		9FFEB9A41A6AB7F70095C43A /* RuntimeJsImpl.h */ = {isa = PBXFileReference; fileEncoding = 4; lastKnownFileType = sourcecode.c.h; path = RuntimeJsImpl.h; sourceTree = "<group>"; };
		9FFEB9A71A6AB7F70095C43A /* js_module_register.h */ = {isa = PBXFileReference; fileEncoding = 4; lastKnownFileType = sourcecode.c.h; path = js_module_register.h; sourceTree = "<group>"; };
		9FFEB9C01A6B86360095C43A /* SimpleConfigParser.cpp */ = {isa = PBXFileReference; fileEncoding = 4; lastKnownFileType = sourcecode.cpp.cpp; path = SimpleConfigParser.cpp; sourceTree = "<group>"; };
		9FFEB9C11A6B86360095C43A /* SimpleConfigParser.h */ = {isa = PBXFileReference; fileEncoding = 4; lastKnownFileType = sourcecode.c.h; path = SimpleConfigParser.h; sourceTree = "<group>"; };
		A099453BA3DAFC7E02156748 /* PluginVungleJSHelper.cpp */ = {isa = PBXFileReference; lastKnownFileType = sourcecode.cpp.cpp; name = PluginVungleJSHelper.cpp; path = ../Classes/PluginVungleJSHelper.cpp; sourceTree = SOURCE_ROOT; };
		A2394C12926508FAD92F6EA7 /* CoreTelephony.framework */ = {isa = PBXFileReference; lastKnownFileType = wrapper.framework; name = CoreTelephony.framework; path = Platforms/iPhoneOS.platform/Developer/SDKs/iPhoneOS.sdk/System/Library/Frameworks/CoreTelephony.framework; sourceTree = DEVELOPER_DIR; };
		A52A468081B888EDBB89BFA1 /* libz.1.2.5.dylib */ = {isa = PBXFileReference; lastKnownFileType = compiled.mach-o.dylib; name = libz.1.2.5.dylib; path = Platforms/iPhoneOS.platform/Developer/SDKs/iPhoneOS.sdk/usr/lib/libz.1.2.5.dylib; sourceTree = DEVELOPER_DIR; };
		A922753D1517C094001B78AA /* js iOS.app */ = {isa = PBXFileReference; explicitFileType = wrapper.application; includeInIndex = 0; path = "js iOS.app"; sourceTree = BUILT_PRODUCTS_DIR; };
		A92275411517C094001B78AA /* QuartzCore.framework */ = {isa = PBXFileReference; lastKnownFileType = wrapper.framework; name = QuartzCore.framework; path = System/Library/Frameworks/QuartzCore.framework; sourceTree = SDKROOT; };
		A92275431517C094001B78AA /* OpenGLES.framework */ = {isa = PBXFileReference; lastKnownFileType = wrapper.framework; name = OpenGLES.framework; path = System/Library/Frameworks/OpenGLES.framework; sourceTree = SDKROOT; };
		A92275451517C094001B78AA /* OpenAL.framework */ = {isa = PBXFileReference; lastKnownFileType = wrapper.framework; name = OpenAL.framework; path = System/Library/Frameworks/OpenAL.framework; sourceTree = SDKROOT; };
		A92275471517C094001B78AA /* AudioToolbox.framework */ = {isa = PBXFileReference; lastKnownFileType = wrapper.framework; name = AudioToolbox.framework; path = System/Library/Frameworks/AudioToolbox.framework; sourceTree = SDKROOT; };
		A92275491517C094001B78AA /* AVFoundation.framework */ = {isa = PBXFileReference; lastKnownFileType = wrapper.framework; name = AVFoundation.framework; path = System/Library/Frameworks/AVFoundation.framework; sourceTree = SDKROOT; };
		A922754B1517C094001B78AA /* UIKit.framework */ = {isa = PBXFileReference; lastKnownFileType = wrapper.framework; name = UIKit.framework; path = System/Library/Frameworks/UIKit.framework; sourceTree = SDKROOT; };
		A922754D1517C094001B78AA /* Foundation.framework */ = {isa = PBXFileReference; lastKnownFileType = wrapper.framework; name = Foundation.framework; path = System/Library/Frameworks/Foundation.framework; sourceTree = SDKROOT; };
		A922754F1517C094001B78AA /* CoreGraphics.framework */ = {isa = PBXFileReference; lastKnownFileType = wrapper.framework; name = CoreGraphics.framework; path = System/Library/Frameworks/CoreGraphics.framework; sourceTree = SDKROOT; };
		B9E049088D91B69C61A9D657 /* PluginVungleJSHelper.h */ = {isa = PBXFileReference; lastKnownFileType = sourcecode.c.h; name = PluginVungleJSHelper.h; path = ../Classes/PluginVungleJSHelper.h; sourceTree = SOURCE_ROOT; };
		BA4E718619EB6E7900932425 /* MediaPlayer.framework */ = {isa = PBXFileReference; lastKnownFileType = wrapper.framework; name = MediaPlayer.framework; path = Platforms/iPhoneOS.platform/Developer/SDKs/iPhoneOS8.0.sdk/System/Library/Frameworks/MediaPlayer.framework; sourceTree = DEVELOPER_DIR; };
		C03780EA18BEE0E400FE4F13 /* src */ = {isa = PBXFileReference; lastKnownFileType = folder; name = src; path = ../../../src; sourceTree = "<group>"; };
		C03C8B4818A770DD00723415 /* main.m */ = {isa = PBXFileReference; fileEncoding = 4; lastKnownFileType = sourcecode.c.objc; path = main.m; sourceTree = "<group>"; };
		C05D1C161923467600B808A4 /* config.json */ = {isa = PBXFileReference; fileEncoding = 4; lastKnownFileType = text.json; name = config.json; path = ../../../config.json; sourceTree = "<group>"; };
		C0799CB518BAE62000E9C828 /* res */ = {isa = PBXFileReference; lastKnownFileType = folder; name = res; path = ../../../res; sourceTree = "<group>"; };
		C0C2F37218AA0C66003976DA /* SimulatorApp.h */ = {isa = PBXFileReference; fileEncoding = 4; lastKnownFileType = sourcecode.c.h; path = SimulatorApp.h; sourceTree = "<group>"; };
		C0C2F37318AA0C66003976DA /* SimulatorApp.mm */ = {isa = PBXFileReference; fileEncoding = 4; lastKnownFileType = sourcecode.cpp.objcpp; path = SimulatorApp.mm; sourceTree = "<group>"; };
		C432433AAC88C5E1462E0E8A /* PluginChartboostJS.hpp */ = {isa = PBXFileReference; lastKnownFileType = sourcecode.c.h; name = PluginChartboostJS.hpp; path = ../Classes/PluginChartboostJS.hpp; sourceTree = SOURCE_ROOT; };
		CB9047BDAE994FFED65F54D8 /* CoreLocation.framework */ = {isa = PBXFileReference; lastKnownFileType = wrapper.framework; name = CoreLocation.framework; path = Platforms/iPhoneOS.platform/Developer/SDKs/iPhoneOS.sdk/System/Library/Frameworks/CoreLocation.framework; sourceTree = DEVELOPER_DIR; };
		D41646C5B8AE7CA4C3962C1D /* Chartboost.framework */ = {isa = PBXFileReference; lastKnownFileType = wrapper.framework; name = Chartboost.framework; path = Chartboost.framework; sourceTree = SOURCE_ROOT; };
		D454520B156E22BD00887EB5 /* libz.dylib */ = {isa = PBXFileReference; lastKnownFileType = compiled.mach-o.dylib; name = libz.dylib; path = usr/lib/libz.dylib; sourceTree = SDKROOT; };
		D4545215156E28EF00887EB5 /* AppDelegate.cpp */ = {isa = PBXFileReference; fileEncoding = 4; lastKnownFileType = sourcecode.cpp.cpp; path = AppDelegate.cpp; sourceTree = "<group>"; };
		D4545216156E28EF00887EB5 /* AppDelegate.h */ = {isa = PBXFileReference; fileEncoding = 4; lastKnownFileType = sourcecode.c.h; path = AppDelegate.h; sourceTree = "<group>"; };
		D5F4477DBC0F2BEC68287BC8 /* VungleSDK.framework */ = {isa = PBXFileReference; lastKnownFileType = wrapper.framework; name = VungleSDK.framework; path = VungleSDK.framework; sourceTree = SOURCE_ROOT; };
		D6B061231803AB9F0077942B /* CoreMotion.framework */ = {isa = PBXFileReference; lastKnownFileType = wrapper.framework; name = CoreMotion.framework; path = Platforms/iPhoneOS.platform/Developer/SDKs/iPhoneOS7.0.sdk/System/Library/Frameworks/CoreMotion.framework; sourceTree = DEVELOPER_DIR; };
		DAB34DCDB3454D81E9C041BE /* CFNetwork.framework */ = {isa = PBXFileReference; lastKnownFileType = wrapper.framework; name = CFNetwork.framework; path = Platforms/iPhoneOS.platform/Developer/SDKs/iPhoneOS.sdk/System/Library/Frameworks/CFNetwork.framework; sourceTree = DEVELOPER_DIR; };
		E1F64CA9AD3B08A3197C1A53 /* AdSupport.framework */ = {isa = PBXFileReference; lastKnownFileType = wrapper.framework; name = AdSupport.framework; path = Platforms/iPhoneOS.platform/Developer/SDKs/iPhoneOS.sdk/System/Library/Frameworks/AdSupport.framework; sourceTree = DEVELOPER_DIR; };
		E86440BE8385E480A58FFD9D /* PluginAdColonyJSHelper.cpp */ = {isa = PBXFileReference; lastKnownFileType = sourcecode.cpp.cpp; name = PluginAdColonyJSHelper.cpp; path = ../Classes/PluginAdColonyJSHelper.cpp; sourceTree = SOURCE_ROOT; };
		E9A84FE48EBEEAC02A9901CD /* PluginVungleJS.cpp */ = {isa = PBXFileReference; lastKnownFileType = sourcecode.cpp.cpp; name = PluginVungleJS.cpp; path = ../Classes/PluginVungleJS.cpp; sourceTree = SOURCE_ROOT; };
		F1004890AF6E09113E3B2209 /* MessageUI.framework */ = {isa = PBXFileReference; lastKnownFileType = wrapper.framework; name = MessageUI.framework; path = Platforms/iPhoneOS.platform/Developer/SDKs/iPhoneOS.sdk/System/Library/Frameworks/MessageUI.framework; sourceTree = DEVELOPER_DIR; };
		F5D2403289DD8B7197126C29 /* PluginAdColonyJS.hpp */ = {isa = PBXFileReference; lastKnownFileType = sourcecode.c.h; name = PluginAdColonyJS.hpp; path = ../Classes/PluginAdColonyJS.hpp; sourceTree = SOURCE_ROOT; };
		FE1F4E88BEC1B94A57EBD2BF /* EventKit.framework */ = {isa = PBXFileReference; lastKnownFileType = wrapper.framework; name = EventKit.framework; path = Platforms/iPhoneOS.platform/Developer/SDKs/iPhoneOS.sdk/System/Library/Frameworks/EventKit.framework; sourceTree = DEVELOPER_DIR; };
/* End PBXFileReference section */

/* Begin PBXFrameworksBuildPhase section */
		509D4A8217EBB24E00697056 /* Frameworks */ = {
			isa = PBXFrameworksBuildPhase;
			buildActionMask = 2147483647;
			files = (
				87D4C4451AB2187000F68C44 /* Security.framework */,
				502380DC17EBB88200990C9B /* libcurl.dylib */,
				509D4A8817EBB24E00697056 /* libsqlite3.dylib */,
				509D4A8917EBB24E00697056 /* libz.dylib */,
				509D4AEB17EBB82600697056 /* IOKit.framework */,
				509D4AE917EBB82000697056 /* AppKit.framework */,
				509D4AE717EBB81800697056 /* OpenGL.framework */,
				509D4A8A17EBB24E00697056 /* QuartzCore.framework */,
				509D4A8C17EBB24E00697056 /* OpenAL.framework */,
				509D4A8D17EBB24E00697056 /* AudioToolbox.framework */,
				509D4A9017EBB24E00697056 /* Foundation.framework */,
				509D4A9117EBB24E00697056 /* CoreGraphics.framework */,
				25384E3DA94AB1703EB09EA4 /* sdkbox.framework */,
				E8EF46AE863131B13992744A /* PluginFyber.framework */,
				5E45479781873D200565955C /* AdSupport.framework */,
				9CB94DD8BCACFD337456588B /* CoreLocation.framework */,
				D06246DEA39F7867E8E67EC4 /* CoreTelephony.framework */,
				D81944B9BCF9AAC8E8320DF5 /* StoreKit.framework */,
				B22F40EAAF65557B0F055941 /* SystemConfiguration.framework */,
				5F104ECEAA6667E842A27507 /* CFNetwork.framework */,
				FE1648F7B4F4A5749C2DAC7E /* PluginAdColony.framework */,
				37BD47588A989C8D7895BC92 /* libz.1.2.5.dylib */,
				A7954AEB821951B25D31C2A3 /* CoreMedia.framework */,
				6F874F5CB8D9F255FE8A782C /* EventKit.framework */,
				F2A54171B59746EDE19DE5E5 /* EventKitUI.framework */,
				DFA544A9A2F99ED0BB29817F /* MessageUI.framework */,
				369A49BA93CFAC13E6D1C4D8 /* Social.framework */,
				17BA46FC802A4C934BD3ADE9 /* WebKit.framework */,
				15754D6789DA7802E9DAF7A9 /* PluginChartboost.framework */,
				95E14F4C9D6CA1C44159D921 /* PluginVungle.framework */,
				0F284CA4961E941AC303C47B /* GameController.framework */,
			);
			runOnlyForDeploymentPostprocessing = 0;
		};
		A922753A1517C094001B78AA /* Frameworks */ = {
			isa = PBXFrameworksBuildPhase;
			buildActionMask = 2147483647;
			files = (
				9F20C9E61A5BD38A006FB50B /* Security.framework */,
				BA4E718719EB6E7900932425 /* MediaPlayer.framework */,
				D6B061241803AB9F0077942B /* CoreMotion.framework */,
				1A82F5FB169AC92500C4B13A /* libsqlite3.dylib */,
				D454520C156E22BD00887EB5 /* libz.dylib */,
				59DAE20B1BEAE4490002BC66 /* Fyber_AdColony_2.6.0-r2.framework */,
				A92275421517C094001B78AA /* QuartzCore.framework */,
				59DAE20F1BEAE4640002BC66 /* Fyber_Chartboost_5.5.0-r2.framework */,
				A92275441517C094001B78AA /* OpenGLES.framework */,
				A92275461517C094001B78AA /* OpenAL.framework */,
				A92275481517C094001B78AA /* AudioToolbox.framework */,
				A922754A1517C094001B78AA /* AVFoundation.framework */,
				A922754C1517C094001B78AA /* UIKit.framework */,
				A922754E1517C094001B78AA /* Foundation.framework */,
				A92275501517C094001B78AA /* CoreGraphics.framework */,
				132A415C850910405C9D8B6C /* libcocos2d iOS.a */,
				C3B145B892B9283CDA921263 /* libjscocos2d iOS.a */,
				12924B738BAE02EFBD71EF77 /* libsimulator iOS.a */,
				0D5747809640EF7CDD25CDBE /* sdkbox.framework */,
				D0A2444F860D173ED662946E /* PluginFyber.framework */,
				DE36403785FE2C14646A44E7 /* AdSupport.framework */,
				433444AAB6249FCE0421840C /* CoreLocation.framework */,
				7142479192509B91B4D53A47 /* CoreTelephony.framework */,
				3DC843DD81D3A6603D5CFFE8 /* StoreKit.framework */,
				9A5E454A821969255A607673 /* SystemConfiguration.framework */,
				69DE4599A89DF9B1AEAA6584 /* CFNetwork.framework */,
				FBA14A938FC9156088378224 /* PluginAdColony.framework */,
				F15E4E6EAEAD46BAFBB00F36 /* libz.1.2.5.dylib */,
				061F49599467792CFA438B60 /* CoreMedia.framework */,
				D086497A84D5AB9A7AC25F04 /* EventKit.framework */,
				DC594DE9AC4CF01FF0CB2299 /* EventKitUI.framework */,
				59DAE2191BEAE4700002BC66 /* Fyber_Vungle_3.2.0-r1.framework */,
				038F47FEBED6AF8A9A46261B /* MessageUI.framework */,
				86FD40D09A7D1ECDEB96B2AE /* Social.framework */,
				838049E78FDAD5FCCDBB25D7 /* WebKit.framework */,
				AEDF49638650A33BD2A8EB76 /* PluginChartboost.framework */,
				2C5F4FA298B516C561DABD3F /* PluginVungle.framework */,
				E74C4A5986103E229F22EA4E /* GameController.framework */,
				E9C04A2C9937B74E60BA36F0 /* AdColony.framework */,
				F2CC44DEA03DED2005B2AD47 /* Chartboost.framework */,
				9CA841849D9BCD3B4E9903B7 /* VungleSDK.framework */,
			);
			runOnlyForDeploymentPostprocessing = 0;
		};
/* End PBXFrameworksBuildPhase section */

/* Begin PBXGroup section */
		15628F5B15F0F5C2000CF24B /* Resources */ = {
			isa = PBXGroup;
			children = (
				C05D1C161923467600B808A4 /* config.json */,
				1A1A081B18C9DF05005C6854 /* project.json */,
				1A6BF21418C9DB5900FB0E1C /* main.js */,
				C0799CB518BAE62000E9C828 /* res */,
				C03780EA18BEE0E400FE4F13 /* src */,
			);
			name = Resources;
			sourceTree = "<group>";
		};
		5091732E17ECDF8A00D62437 /* Icons */ = {
			isa = PBXGroup;
			children = (
				5091731417ECDF7A00D62437 /* Icon-29.png */,
				5091731517ECDF7A00D62437 /* Icon-40.png */,
				5091731617ECDF7A00D62437 /* Icon-50.png */,
				5091731717ECDF7A00D62437 /* Icon-58.png */,
				5091731817ECDF7A00D62437 /* Icon-80.png */,
				5091731917ECDF7A00D62437 /* Icon-100.png */,
				509D4AB017EBB2AB00697056 /* Icon-57.png */,
				509D4AB117EBB2AB00697056 /* Icon-72.png */,
				509D4AB217EBB2AB00697056 /* Icon-76.png */,
				509D4AB317EBB2AB00697056 /* Icon-114.png */,
				509D4AB417EBB2AB00697056 /* Icon-120.png */,
				509D4AB517EBB2AB00697056 /* Icon-144.png */,
				509D4AB617EBB2AB00697056 /* Icon-152.png */,
			);
			name = Icons;
			sourceTree = "<group>";
		};
		509D4ACA17EBB2BE00697056 /* mac */ = {
			isa = PBXGroup;
			children = (
				9FD1E69D1A51361B0009A6C5 /* service */,
				C0C2F37218AA0C66003976DA /* SimulatorApp.h */,
				C0C2F37318AA0C66003976DA /* SimulatorApp.mm */,
				C03C8B4818A770DD00723415 /* main.m */,
				9FD1E6BB1A51362E0009A6C5 /* MainMenu.xib */,
				509D4ACB17EBB2BE00697056 /* Icon.icns */,
				509D4ACC17EBB2BE00697056 /* Info.plist */,
				509D4ACE17EBB2BE00697056 /* Prefix.pch */,
			);
			path = mac;
			sourceTree = "<group>";
		};
		59DAE2081BEAE4490002BC66 /* Fyber_AdColony_2.6.0-r2.embeddedframework */ = {
			isa = PBXGroup;
			children = (
				59DAE2091BEAE4490002BC66 /* Fyber_AdColony_2.6.0-r2.framework */,
				59DAE20A1BEAE4490002BC66 /* Resources */,
			);
			path = Fyber_AdColony_2.6.0-r2.embeddedframework;
			sourceTree = "<group>";
		};
		59DAE20A1BEAE4490002BC66 /* Resources */ = {
			isa = PBXGroup;
			children = (
			);
			path = Resources;
			sourceTree = "<group>";
		};
		59DAE20C1BEAE4640002BC66 /* Fyber_Chartboost_5.5.0-r2.embeddedframework */ = {
			isa = PBXGroup;
			children = (
				59DAE20D1BEAE4640002BC66 /* Fyber_Chartboost_5.5.0-r2.framework */,
				59DAE20E1BEAE4640002BC66 /* Resources */,
			);
			path = Fyber_Chartboost_5.5.0-r2.embeddedframework;
			sourceTree = "<group>";
		};
		59DAE20E1BEAE4640002BC66 /* Resources */ = {
			isa = PBXGroup;
			children = (
			);
			path = Resources;
			sourceTree = "<group>";
		};
		59DAE2101BEAE4700002BC66 /* Fyber_Vungle_3.2.0-r1.embeddedframework */ = {
			isa = PBXGroup;
			children = (
				59DAE2111BEAE4700002BC66 /* Fyber_Vungle_3.2.0-r1.framework */,
				59DAE2121BEAE4700002BC66 /* Resources */,
			);
			path = Fyber_Vungle_3.2.0-r1.embeddedframework;
			sourceTree = "<group>";
		};
		59DAE2121BEAE4700002BC66 /* Resources */ = {
			isa = PBXGroup;
			children = (
				59DAE2131BEAE4700002BC66 /* __vungle.db */,
				59DAE2141BEAE4700002BC66 /* vg_close.png */,
				59DAE2151BEAE4700002BC66 /* vg_cta.png */,
				59DAE2161BEAE4700002BC66 /* vg_mute_off.png */,
				59DAE2171BEAE4700002BC66 /* vg_mute_on.png */,
				59DAE2181BEAE4700002BC66 /* VungleCompiler-Info.plist */,
			);
			path = Resources;
			sourceTree = "<group>";
		};
		9FD1E69D1A51361B0009A6C5 /* service */ = {
			isa = PBXGroup;
			children = (
				9FD1E69E1A51361B0009A6C5 /* ConsoleWindow.xib */,
				9FD1E69F1A51361B0009A6C5 /* ConsoleWindowController.h */,
				9FD1E6A01A51361B0009A6C5 /* ConsoleWindowController.m */,
				9FD1E6A11A51361B0009A6C5 /* DeviceEx-mac.mm */,
				9FD1E6A21A51361B0009A6C5 /* openudid */,
				9FD1E6A51A51361B0009A6C5 /* PlayerEditBoxServiceMac.h */,
				9FD1E6A61A51361B0009A6C5 /* PlayerEditBoxServiceMac.mm */,
				9FD1E6A71A51361B0009A6C5 /* PlayerFileDialogServiceMac.h */,
				9FD1E6A81A51361B0009A6C5 /* PlayerFileDialogServiceMac.mm */,
				9FD1E6A91A51361B0009A6C5 /* PlayerMac.h */,
				9FD1E6AA1A51361B0009A6C5 /* PlayerMac.mm */,
				9FD1E6AB1A51361B0009A6C5 /* PlayerMenuServiceMac.h */,
				9FD1E6AC1A51361B0009A6C5 /* PlayerMenuServiceMac.mm */,
				9FD1E6AD1A51361B0009A6C5 /* PlayerMessageBoxServiceMac.h */,
				9FD1E6AE1A51361B0009A6C5 /* PlayerMessageBoxServiceMac.mm */,
				9FD1E6AF1A51361B0009A6C5 /* PlayerTaskServiceMac.h */,
				9FD1E6B01A51361B0009A6C5 /* PlayerTaskServiceMac.mm */,
			);
			path = service;
			sourceTree = "<group>";
		};
		9FD1E6A21A51361B0009A6C5 /* openudid */ = {
			isa = PBXGroup;
			children = (
				9FD1E6A31A51361B0009A6C5 /* OpenUDIDMac.h */,
				9FD1E6A41A51361B0009A6C5 /* OpenUDIDMac.m */,
			);
			path = openudid;
			sourceTree = "<group>";
		};
		9FFEB99E1A6AB7F70095C43A /* ide-support */ = {
			isa = PBXGroup;
			children = (
				9FFEB9C01A6B86360095C43A /* SimpleConfigParser.cpp */,
				9FFEB9C11A6B86360095C43A /* SimpleConfigParser.h */,
				9FFEB99F1A6AB7F70095C43A /* CodeIDESupport.h */,
				9FFEB9A01A6AB7F70095C43A /* lang */,
				9FFEB9A31A6AB7F70095C43A /* RuntimeJsImpl.cpp */,
				9FFEB9A41A6AB7F70095C43A /* RuntimeJsImpl.h */,
			);
			path = ide-support;
			sourceTree = "<group>";
		};
		A92275321517C094001B78AA /*  */ = {
			isa = PBXGroup;
			children = (
				C06D18B718C02D4A003D1A65 /* JS Common */,
				D4545214156E28EF00887EB5 /* Classes */,
				A92275401517C094001B78AA /* Frameworks */,
				D45446CC156DE73F00887EB5 /* ios */,
				509D4ACA17EBB2BE00697056 /* mac */,
				A922753E1517C094001B78AA /* Products */,
				15628F5B15F0F5C2000CF24B /* Resources */,
				DA4A4AEDA1548E89CEC2F38D /* ios-libs */,
			);
			sourceTree = "<group>";
		};
		A922753E1517C094001B78AA /* Products */ = {
			isa = PBXGroup;
			children = (
				A922753D1517C094001B78AA /* js iOS.app */,
				509D4AAA17EBB24E00697056 /* js Mac.app */,
			);
			name = Products;
			sourceTree = "<group>";
		};
		A92275401517C094001B78AA /* Frameworks */ = {
			isa = PBXGroup;
			children = (
				59DAE2101BEAE4700002BC66 /* Fyber_Vungle_3.2.0-r1.embeddedframework */,
				59DAE20C1BEAE4640002BC66 /* Fyber_Chartboost_5.5.0-r2.embeddedframework */,
				59DAE2081BEAE4490002BC66 /* Fyber_AdColony_2.6.0-r2.embeddedframework */,
				87D4C4441AB2187000F68C44 /* Security.framework */,
				9F20C9E11A5BBE85006FB50B /* Security.framework */,
				D6B061231803AB9F0077942B /* CoreMotion.framework */,
				502380DB17EBB88200990C9B /* libcurl.dylib */,
				509D4AEA17EBB82600697056 /* IOKit.framework */,
				509D4AE817EBB82000697056 /* AppKit.framework */,
				509D4AE617EBB81800697056 /* OpenGL.framework */,
				1A96A4F2174A3432008653A9 /* libcurl.a */,
				1A82F5FA169AC92500C4B13A /* libsqlite3.dylib */,
				D454520B156E22BD00887EB5 /* libz.dylib */,
				A92275411517C094001B78AA /* QuartzCore.framework */,
				A92275431517C094001B78AA /* OpenGLES.framework */,
				A92275451517C094001B78AA /* OpenAL.framework */,
				A92275471517C094001B78AA /* AudioToolbox.framework */,
				A92275491517C094001B78AA /* AVFoundation.framework */,
				A922754B1517C094001B78AA /* UIKit.framework */,
				A922754D1517C094001B78AA /* Foundation.framework */,
				A922754F1517C094001B78AA /* CoreGraphics.framework */,
				247041F09432F8C5FDB2BA40 /* sdkbox.framework */,
				53F44AD4B8E650AC28094C26 /* PluginFyber.framework */,
				E1F64CA9AD3B08A3197C1A53 /* AdSupport.framework */,
				CB9047BDAE994FFED65F54D8 /* CoreLocation.framework */,
				A2394C12926508FAD92F6EA7 /* CoreTelephony.framework */,
				06634D2F8AA0EC0CBBFC63C2 /* StoreKit.framework */,
				509A49729B090327730F92C4 /* SystemConfiguration.framework */,
				DAB34DCDB3454D81E9C041BE /* CFNetwork.framework */,
				0BBA4344AF8C614612B932F6 /* PluginAdColony.framework */,
				A52A468081B888EDBB89BFA1 /* libz.1.2.5.dylib */,
				623D4E848040FF12AC530AB8 /* CoreMedia.framework */,
				FE1F4E88BEC1B94A57EBD2BF /* EventKit.framework */,
				9B1E45669553287EABF64688 /* EventKitUI.framework */,
				F1004890AF6E09113E3B2209 /* MessageUI.framework */,
				54F2458A8C8DE3CBECBBD12E /* Social.framework */,
				959748E9B3A4CAC6F1D5852B /* WebKit.framework */,
				2E9B444CAD1655D688EFE64F /* PluginChartboost.framework */,
				08C14C0EB51BC419E4D4584E /* PluginVungle.framework */,
				70834858BB0D44EA43A4BD04 /* GameController.framework */,
				4F2C4A1AB6454BDDE4F4A650 /* AdColony.framework */,
				D41646C5B8AE7CA4C3962C1D /* Chartboost.framework */,
				D5F4477DBC0F2BEC68287BC8 /* VungleSDK.framework */,
			);
			name = Frameworks;
			sourceTree = "<group>";
		};
		C06D18B718C02D4A003D1A65 /* JS Common */ = {
			isa = PBXGroup;
			children = (
				3AF548079E4DCC8ABB162091 /* script */,
			);
			name = "JS Common";
			sourceTree = "<group>";
		};
		D45446CC156DE73F00887EB5 /* ios */ = {
			isa = PBXGroup;
			children = (
				509D4AAB17EBB2AB00697056 /* AppController.h */,
				509D4AAC17EBB2AB00697056 /* AppController.mm */,
				509D4AAD17EBB2AB00697056 /* Default-568h@2x.png */,
				509D4AAE17EBB2AB00697056 /* Default.png */,
				509D4AAF17EBB2AB00697056 /* Default@2x.png */,
				5091732E17ECDF8A00D62437 /* Icons */,
				509D4AB717EBB2AB00697056 /* Info.plist */,
				509D4AB817EBB2AB00697056 /* main.m */,
				509D4AB917EBB2AB00697056 /* Prefix.pch */,
				509D4ABA17EBB2AB00697056 /* RootViewController.h */,
				509D4ABB17EBB2AB00697056 /* RootViewController.mm */,
			);
			name = ios;
			sourceTree = "<group>";
		};
		D4545214156E28EF00887EB5 /* Classes */ = {
			isa = PBXGroup;
			children = (
				9FFEB99E1A6AB7F70095C43A /* ide-support */,
				9FFEB9A71A6AB7F70095C43A /* js_module_register.h */,
				D4545215156E28EF00887EB5 /* AppDelegate.cpp */,
				D4545216156E28EF00887EB5 /* AppDelegate.h */,
				9FC790211BABE8860019C2C9 /* PluginFyberJS.cpp */,
				9FC790221BABE8860019C2C9 /* PluginFyberJS.hpp */,
				9FC790231BABE8860019C2C9 /* PluginFyberJSHelper.cpp */,
				9FC790241BABE8860019C2C9 /* PluginFyberJSHelper.h */,
				9FC790251BABE8860019C2C9 /* SDKBoxJSHelper.cpp */,
				9FC790261BABE8860019C2C9 /* SDKBoxJSHelper.h */,
				7F80407CAC6EB96A73031CC1 /* PluginAdColonyJS.cpp */,
				F5D2403289DD8B7197126C29 /* PluginAdColonyJS.hpp */,
				E86440BE8385E480A58FFD9D /* PluginAdColonyJSHelper.cpp */,
				765847358E4449F3E854DB0F /* PluginAdColonyJSHelper.h */,
				61EA43878E771DD75380273E /* PluginChartboostJS.cpp */,
				C432433AAC88C5E1462E0E8A /* PluginChartboostJS.hpp */,
				60AD439CB98738E4D4B8CD0B /* PluginChartboostJSHelper.cpp */,
				76854B4994FF4504B98A9073 /* PluginChartboostJSHelper.h */,
				E9A84FE48EBEEAC02A9901CD /* PluginVungleJS.cpp */,
				932D40EF84945B02B81E83DF /* PluginVungleJS.hpp */,
				A099453BA3DAFC7E02156748 /* PluginVungleJSHelper.cpp */,
				B9E049088D91B69C61A9D657 /* PluginVungleJSHelper.h */,
			);
			name = Classes;
			path = ../Classes;
			sourceTree = "<group>";
		};
		DA4A4AEDA1548E89CEC2F38D /* ios-libs */ = {
			isa = PBXGroup;
			children = (
				8D8343929314773AE1443CD9 /* libcocos2d iOS.a */,
				69764A0CBBA63DA2380140A1 /* libjscocos2d iOS.a */,
				95F14CA681C99ECE9C9848B1 /* libsimulator iOS.a */,
			);
			name = ios-libs;
			sourceTree = "<group>";
		};
/* End PBXGroup section */

/* Begin PBXNativeTarget section */
		509D4A7517EBB24E00697056 /* js Mac */ = {
			isa = PBXNativeTarget;
			buildConfigurationList = 509D4AA717EBB24E00697056 /* Build configuration list for PBXNativeTarget "js Mac" */;
			buildPhases = (
				509D4A8017EBB24E00697056 /* Sources */,
				509D4A9317EBB24E00697056 /* Resources */,
				509D4A8217EBB24E00697056 /* Frameworks */,
			);
			buildRules = (
			);
			dependencies = (
			);
			name = "js Mac";
			productName = js;
			productReference = 509D4AAA17EBB24E00697056 /* js Mac.app */;
			productType = com.apple.product-type.application;
		};
		A922753C1517C094001B78AA /* js iOS */ = {
			isa = PBXNativeTarget;
			buildConfigurationList = A92277001517C097001B78AA /* Build configuration list for PBXNativeTarget "js iOS" */;
			buildPhases = (
				A92275391517C094001B78AA /* Sources */,
				A922753A1517C094001B78AA /* Frameworks */,
				A922753B1517C094001B78AA /* Resources */,
				3EC03834196541CD00D72B70 /* ShellScript */,
			);
			buildRules = (
			);
			dependencies = (
			);
			name = "js iOS";
			productName = js;
			productReference = A922753D1517C094001B78AA /* js iOS.app */;
			productType = com.apple.product-type.application;
		};
/* End PBXNativeTarget section */

/* Begin PBXProject section */
		A92275341517C094001B78AA /* Project Object */ = {
			isa = PBXProject;
			attributes = {
				LastUpgradeCheck = 0500;
				TargetAttributes = {
					A922753C1517C094001B78AA = {
						DevelopmentTeam = MDDB52YB8L;
					};
				};
			};
			buildConfigurationList = A92275371517C094001B78AA /* Build configuration list for PBXProject "Unity-iPhone" */;
			compatibilityVersion = "Xcode 3.2";
			developmentRegion = English;
			hasScannedForEncodings = 0;
			knownRegions = (
				en,
				Base,
				zh-Hans,
			);
			mainGroup = A92275321517C094001B78AA /*  */;
			productRefGroup = A922753E1517C094001B78AA /* Products */;
			projectDirPath = "";
			projectRoot = "";
			targets = (
				A922753C1517C094001B78AA /* js iOS */,
				509D4A7517EBB24E00697056 /* js Mac */,
			);
		};
/* End PBXProject section */

/* Begin PBXResourcesBuildPhase section */
		509D4A9317EBB24E00697056 /* Resources */ = {
			isa = PBXResourcesBuildPhase;
			buildActionMask = 2147483647;
			files = (
				1AC22EDE18CA0E11007112B9 /* project.json */,
				9FD1E6B11A51361B0009A6C5 /* ConsoleWindow.xib */,
				1AD7E0A918C9DBE3004817A6 /* main.js */,
				C05D1C181923467600B808A4 /* config.json */,
				C0799CBA18BAE62000E9C828 /* res */,
				509D4ACF17EBB2BE00697056 /* Icon.icns */,
				9FFEB9A91A6AB7F70095C43A /* lang */,
				C03780EC18BEE0E400FE4F13 /* src */,
				9FD1E6BD1A51362E0009A6C5 /* MainMenu.xib */,
				E5E842A8A31B6E1CE568BAEE /* script */,
			);
			runOnlyForDeploymentPostprocessing = 0;
		};
		A922753B1517C094001B78AA /* Resources */ = {
			isa = PBXResourcesBuildPhase;
			buildActionMask = 2147483647;
			files = (
				1AE159EC18C9DF3600FCA372 /* project.json */,
				59DAE21D1BEAE4700002BC66 /* vg_mute_off.png */,
				59DAE21B1BEAE4700002BC66 /* vg_close.png */,
				1AD7E0A818C9DB93004817A6 /* main.js */,
				509D4ABE17EBB2AB00697056 /* Default.png */,
				C05D1C171923467600B808A4 /* config.json */,
				5091731E17ECDF7A00D62437 /* Icon-80.png */,
				5091731F17ECDF7A00D62437 /* Icon-100.png */,
				509D4AC117EBB2AB00697056 /* Icon-72.png */,
				509D4AC017EBB2AB00697056 /* Icon-57.png */,
				5091731A17ECDF7A00D62437 /* Icon-29.png */,
				C03780EB18BEE0E400FE4F13 /* src */,
				509D4AC617EBB2AB00697056 /* Icon-152.png */,
				C0799CB918BAE62000E9C828 /* res */,
				509D4AC517EBB2AB00697056 /* Icon-144.png */,
				509D4AC317EBB2AB00697056 /* Icon-114.png */,
				59DAE21F1BEAE4700002BC66 /* VungleCompiler-Info.plist */,
				59DAE21A1BEAE4700002BC66 /* __vungle.db */,
				509D4ABD17EBB2AB00697056 /* Default-568h@2x.png */,
				509D4ABF17EBB2AB00697056 /* Default@2x.png */,
				509D4AC217EBB2AB00697056 /* Icon-76.png */,
				59DAE21E1BEAE4700002BC66 /* vg_mute_on.png */,
				5091731B17ECDF7A00D62437 /* Icon-40.png */,
				5091731C17ECDF7A00D62437 /* Icon-50.png */,
				59DAE21C1BEAE4700002BC66 /* vg_cta.png */,
				509D4AC417EBB2AB00697056 /* Icon-120.png */,
				5091731D17ECDF7A00D62437 /* Icon-58.png */,
				5CA742C68BEF6831F9BBCB9A /* script */,
			);
			runOnlyForDeploymentPostprocessing = 0;
		};
/* End PBXResourcesBuildPhase section */

/* Begin PBXShellScriptBuildPhase section */
		3EC03834196541CD00D72B70 /* ShellScript */ = {
			isa = PBXShellScriptBuildPhase;
			buildActionMask = 12;
			files = (
			);
			inputPaths = (
			);
			outputPaths = (
			);
			runOnlyForDeploymentPostprocessing = 0;
			shellPath = /bin/sh;
			shellScript = "find ${SRCROOT}/../../../src/ -name \"*\" -exec touch -cm {} \\;\nfind ${SRCROOT}/../../../res/ -name \"*\" -exec touch -cm {} \\;";
		};
/* End PBXShellScriptBuildPhase section */

/* Begin PBXSourcesBuildPhase section */
		509D4A8017EBB24E00697056 /* Sources */ = {
			isa = PBXSourcesBuildPhase;
			buildActionMask = 2147483647;
			files = (
				9FD1E6B61A51361B0009A6C5 /* PlayerFileDialogServiceMac.mm */,
				9FD1E6B51A51361B0009A6C5 /* PlayerEditBoxServiceMac.mm */,
				9FD1E6B21A51361B0009A6C5 /* ConsoleWindowController.m */,
				9FD1E6B71A51361B0009A6C5 /* PlayerMac.mm */,
				509D4A8117EBB24E00697056 /* AppDelegate.cpp */,
				9FD1E6BA1A51361B0009A6C5 /* PlayerTaskServiceMac.mm */,
				C0C2F37418AA0C66003976DA /* SimulatorApp.mm */,
				9FD1E6B41A51361B0009A6C5 /* OpenUDIDMac.m */,
				9FD1E6B91A51361B0009A6C5 /* PlayerMessageBoxServiceMac.mm */,
				9FD1E6B31A51361B0009A6C5 /* DeviceEx-mac.mm */,
				C03C8B4B18A770DD00723415 /* main.m */,
				9FD1E6B81A51361B0009A6C5 /* PlayerMenuServiceMac.mm */,
				9FFEB9AD1A6AB7F70095C43A /* RuntimeJsImpl.cpp */,
				4F5A4099815808A425074EBF /* PluginAdColonyJS.cpp */,
				688C4EC29F50CBC525A2F7A5 /* PluginAdColonyJSHelper.cpp */,
				FA574591B25A0BC6D0F245F9 /* PluginChartboostJS.cpp */,
				40164F2392C335138104415B /* PluginChartboostJSHelper.cpp */,
				384946CE99B222A91D781F91 /* PluginVungleJS.cpp */,
				41B1485B889A4AEF905574A4 /* PluginVungleJSHelper.cpp */,
			);
			runOnlyForDeploymentPostprocessing = 0;
		};
		A92275391517C094001B78AA /* Sources */ = {
			isa = PBXSourcesBuildPhase;
			buildActionMask = 2147483647;
			files = (
				9FC790271BABE8860019C2C9 /* PluginFyberJS.cpp */,
				509D4AC917EBB2AB00697056 /* RootViewController.mm */,
				9FFEB9AC1A6AB7F70095C43A /* RuntimeJsImpl.cpp */,
				D4545227156E28EF00887EB5 /* AppDelegate.cpp */,
				9FC790281BABE8860019C2C9 /* PluginFyberJSHelper.cpp */,
				509D4AC817EBB2AB00697056 /* main.m */,
				9FFEB9C21A6B86360095C43A /* SimpleConfigParser.cpp */,
				9FC790291BABE8860019C2C9 /* SDKBoxJSHelper.cpp */,
				509D4ABC17EBB2AB00697056 /* AppController.mm */,
				6C054E738A966F88DE892C5E /* PluginAdColonyJS.cpp */,
				E62949A19B692D8E24D1C066 /* PluginAdColonyJSHelper.cpp */,
				259A497E996B767E6E759AE9 /* PluginChartboostJS.cpp */,
				F37145F0A05F7302AE991AB2 /* PluginChartboostJSHelper.cpp */,
				0DC4423FBA32269684EF893E /* PluginVungleJS.cpp */,
				D81D4E1D8F3A88561AB2C769 /* PluginVungleJSHelper.cpp */,
			);
			runOnlyForDeploymentPostprocessing = 0;
		};
/* End PBXSourcesBuildPhase section */

/* Begin XCBuildConfiguration section */
		509D4AA817EBB24E00697056 /* Debug */ = {
			isa = XCBuildConfiguration;
			buildSettings = {
				ALWAYS_SEARCH_USER_PATHS = YES;
				ARCHS = "$(ARCHS_STANDARD_64_BIT)";
				COMBINE_HIDPI_IMAGES = YES;
				CONFIGURATION_BUILD_DIR = ../../../runtime/mac;
				DEAD_CODE_STRIPPING = YES;
				FRAMEWORK_SEARCH_PATHS = (
					"$(SRCROOT)",
					"\"/Users/niteluo/Projects/test/cocos/sdkbox-fyber-sample/js/frameworks/runtime-src/proj.ios_mac/\"",
				);
				GCC_DYNAMIC_NO_PIC = NO;
				GCC_PRECOMPILE_PREFIX_HEADER = YES;
				GCC_PREFIX_HEADER = mac/Prefix.pch;
				GCC_PREPROCESSOR_DEFINITIONS = (
					GLFW_EXPOSE_NATIVE_COCOA,
					GLFW_EXPOSE_NATIVE_NSGL,
					CC_TARGET_OS_MAC,
					"$(inherited)",
				);
				GCC_SYMBOLS_PRIVATE_EXTERN = YES;
				HEADER_SEARCH_PATHS = (
					../../../../cocos2d-x-3.6-lib/tools/simulator/libsimulator/lib/,
					../../../../cocos2d-x-3.6-lib/tools/simulator/libsimulator/lib/protobuf-lite,
				);
				INFOPLIST_FILE = mac/Info.plist;
				LIBRARY_SEARCH_PATHS = (
					../../../../cocos2d-x-3.6-lib/prebuilt/mac,
					"\"sdkbox.framework\"",
					"\"PluginFyber.framework\"",
					"\"PluginAdColony.framework\"",
					"\"AdColony.framework\"",
					"\"PluginChartboost.framework\"",
					"\"Chartboost.framework\"",
					"\"PluginVungle.framework\"",
					"\"VungleSDK.framework\"",
				);
				MACOSX_DEPLOYMENT_TARGET = 10.8;
				OTHER_LDFLAGS = (
					-force_load,
					PluginFyber.framework/PluginFyber,
					-force_load,
					PluginFyber.framework/PluginFyber,
					-fobjc-arc,
					-force_load,
					AdColony.framework/AdColony,
					-ObjC,
				);
				SDKROOT = macosx;
				USER_HEADER_SEARCH_PATHS = "$(inherited) ../../../../cocos2d-x-3.6-lib/cocos/platform/mac ../../../../cocos2d-x-3.6-lib/external/glfw3/include/mac ../../../../cocos2d-x-3.6-lib/external/spidermonkey/include/mac";
			};
			name = Debug;
		};
		509D4AA917EBB24E00697056 /* Release */ = {
			isa = XCBuildConfiguration;
			buildSettings = {
				ALWAYS_SEARCH_USER_PATHS = YES;
				ARCHS = "$(ARCHS_STANDARD_64_BIT)";
				COMBINE_HIDPI_IMAGES = YES;
				DEAD_CODE_STRIPPING = YES;
				FRAMEWORK_SEARCH_PATHS = (
					"$(SRCROOT)",
					"\"/Users/niteluo/Projects/test/cocos/sdkbox-fyber-sample/js/frameworks/runtime-src/proj.ios_mac/\"",
				);
				GCC_GENERATE_DEBUGGING_SYMBOLS = NO;
				GCC_PRECOMPILE_PREFIX_HEADER = YES;
				GCC_PREFIX_HEADER = mac/Prefix.pch;
				GCC_PREPROCESSOR_DEFINITIONS = (
					GLFW_EXPOSE_NATIVE_COCOA,
					GLFW_EXPOSE_NATIVE_NSGL,
					CC_TARGET_OS_MAC,
					"$(inherited)",
				);
				GCC_SYMBOLS_PRIVATE_EXTERN = YES;
				HEADER_SEARCH_PATHS = (
					../../../../cocos2d-x-3.6-lib/tools/simulator/libsimulator/lib/,
					../../../../cocos2d-x-3.6-lib/tools/simulator/libsimulator/lib/protobuf-lite,
				);
				INFOPLIST_FILE = mac/Info.plist;
				LIBRARY_SEARCH_PATHS = (
					../../../../cocos2d-x-3.6-lib/prebuilt/mac,
					"\"sdkbox.framework\"",
					"\"PluginFyber.framework\"",
					"\"PluginAdColony.framework\"",
					"\"AdColony.framework\"",
					"\"PluginChartboost.framework\"",
					"\"Chartboost.framework\"",
					"\"PluginVungle.framework\"",
					"\"VungleSDK.framework\"",
				);
				MACOSX_DEPLOYMENT_TARGET = 10.8;
				OTHER_LDFLAGS = (
					-force_load,
					PluginFyber.framework/PluginFyber,
					-force_load,
					PluginFyber.framework/PluginFyber,
					-fobjc-arc,
					-force_load,
					AdColony.framework/AdColony,
					-ObjC,
				);
				SDKROOT = macosx;
				USER_HEADER_SEARCH_PATHS = "$(inherited) ../../../../cocos2d-x-3.6-lib/cocos/platform/mac ../../../../cocos2d-x-3.6-lib/external/glfw3/include/mac ../../../../cocos2d-x-3.6-lib/external/spidermonkey/include/mac";
			};
			name = Release;
		};
		A92276FE1517C097001B78AA /* Debug */ = {
			isa = XCBuildConfiguration;
			buildSettings = {
				CLANG_CXX_LANGUAGE_STANDARD = "c++0x";
				CLANG_CXX_LIBRARY = "libc++";
				COPY_PHASE_STRIP = NO;
				FRAMEWORK_SEARCH_PATHS = (
					"$(SRCROOT)",
					"\"/Users/niteluo/Projects/test/cocos/sdkbox-fyber-sample/js/frameworks/runtime-src/proj.ios_mac/\"",
					"\"$(SRCROOT)\"",
				);
				GCC_C_LANGUAGE_STANDARD = c99;
				GCC_OPTIMIZATION_LEVEL = 0;
				GCC_PREPROCESSOR_DEFINITIONS = (
					"COCOS2D_DEBUG=1",
					USE_FILE32API,
					COCOS2D_JAVASCRIPT,
					CC_ENABLE_CHIPMUNK_INTEGRATION,
				);
				GCC_SYMBOLS_PRIVATE_EXTERN = NO;
				GCC_WARN_ABOUT_RETURN_TYPE = YES;
				GCC_WARN_UNUSED_VARIABLE = YES;
				HEADER_SEARCH_PATHS = "";
				IPHONEOS_DEPLOYMENT_TARGET = 5.1;
				LIBRARY_SEARCH_PATHS = (
					"\"sdkbox.framework\"",
					"\"PluginFyber.framework\"",
					"\"PluginAdColony.framework\"",
					"\"AdColony.framework\"",
					"\"PluginChartboost.framework\"",
					"\"Chartboost.framework\"",
					"\"PluginVungle.framework\"",
					"\"VungleSDK.framework\"",
				);
				ONLY_ACTIVE_ARCH = YES;
				OTHER_CFLAGS = (
					-DSDKBOX_ENABLED,
				);
				OTHER_LDFLAGS = (
					-force_load,
					PluginFyber.framework/PluginFyber,
					-force_load,
					PluginFyber.framework/PluginFyber,
					-fobjc-arc,
					-force_load,
					AdColony.framework/AdColony,
					-ObjC,
					"-force_load AdColony.framework/AdColony",
					"-force_load PluginFyber.framework/PluginFyber",
				);
				PRODUCT_NAME = "$(TARGET_NAME)";
				USER_HEADER_SEARCH_PATHS = "../../../../cocos2d-x-3.6-lib ../../../../cocos2d-x-3.6-lib/cocos ../../../../cocos2d-x-3.6-lib/cocos/base ../../../../cocos2d-x-3.6-lib/cocos/physics ../../../../cocos2d-x-3.6-lib/cocos/math/kazmath ../../../../cocos2d-x-3.6-lib/cocos/2d ../../../../cocos2d-x-3.6-lib/cocos/gui ../../../../cocos2d-x-3.6-lib/cocos/network ../../../../cocos2d-x-3.6-lib/cocos/audio/include ../../../../cocos2d-x-3.6-lib/cocos/editor-support ../../../../cocos2d-x-3.6-lib/extensions ../../../../cocos2d-x-3.6-lib/external ../../../../cocos2d-x-3.6-lib/external/chipmunk/include/chipmunk ../../../../cocos2d-x-3.6-lib/cocos/scripting/js-bindings/auto ../../../../cocos2d-x-3.6-lib/cocos/scripting/js-bindings/manual";
			};
			name = Debug;
		};
		A92276FF1517C097001B78AA /* Release */ = {
			isa = XCBuildConfiguration;
			buildSettings = {
				CLANG_CXX_LANGUAGE_STANDARD = "c++0x";
				CLANG_CXX_LIBRARY = "libc++";
				FRAMEWORK_SEARCH_PATHS = (
					"$(SRCROOT)",
					"\"/Users/niteluo/Projects/test/cocos/sdkbox-fyber-sample/js/frameworks/runtime-src/proj.ios_mac/\"",
					"\"$(SRCROOT)\"",
				);
				GCC_C_LANGUAGE_STANDARD = c99;
				GCC_PREPROCESSOR_DEFINITIONS = (
					NDEBUG,
					USE_FILE32API,
					COCOS2D_JAVASCRIPT,
					CC_ENABLE_CHIPMUNK_INTEGRATION,
				);
				GCC_WARN_ABOUT_RETURN_TYPE = YES;
				GCC_WARN_UNUSED_VARIABLE = YES;
				HEADER_SEARCH_PATHS = "";
				IPHONEOS_DEPLOYMENT_TARGET = 5.1;
				LIBRARY_SEARCH_PATHS = (
					"\"sdkbox.framework\"",
					"\"PluginFyber.framework\"",
					"\"PluginAdColony.framework\"",
					"\"AdColony.framework\"",
					"\"PluginChartboost.framework\"",
					"\"Chartboost.framework\"",
					"\"PluginVungle.framework\"",
					"\"VungleSDK.framework\"",
				);
				OTHER_CFLAGS = (
					"-DNS_BLOCK_ASSERTIONS=1",
					-DSDKBOX_ENABLED,
				);
				OTHER_LDFLAGS = (
					-force_load,
					PluginFyber.framework/PluginFyber,
					-force_load,
					PluginFyber.framework/PluginFyber,
					-fobjc-arc,
					-force_load,
					AdColony.framework/AdColony,
					-ObjC,
					"-force_load AdColony.framework/AdColony",
					"-force_load PluginFyber.framework/PluginFyber",
				);
				PRODUCT_NAME = "$(TARGET_NAME)";
				USER_HEADER_SEARCH_PATHS = "../../../../cocos2d-x-3.6-lib ../../../../cocos2d-x-3.6-lib/cocos ../../../../cocos2d-x-3.6-lib/cocos/base ../../../../cocos2d-x-3.6-lib/cocos/physics ../../../../cocos2d-x-3.6-lib/cocos/math/kazmath ../../../../cocos2d-x-3.6-lib/cocos/2d ../../../../cocos2d-x-3.6-lib/cocos/gui ../../../../cocos2d-x-3.6-lib/cocos/network ../../../../cocos2d-x-3.6-lib/cocos/audio/include ../../../../cocos2d-x-3.6-lib/cocos/editor-support ../../../../cocos2d-x-3.6-lib/extensions ../../../../cocos2d-x-3.6-lib/external ../../../../cocos2d-x-3.6-lib/external/chipmunk/include/chipmunk ../../../../cocos2d-x-3.6-lib/cocos/scripting/js-bindings/auto ../../../../cocos2d-x-3.6-lib/cocos/scripting/js-bindings/manual";
				VALIDATE_PRODUCT = YES;
			};
			name = Release;
		};
		A92277011517C097001B78AA /* Debug */ = {
			isa = XCBuildConfiguration;
			buildSettings = {
				ALWAYS_SEARCH_USER_PATHS = YES;
				CODE_SIGN_IDENTITY = "iPhone Developer";
				COMPRESS_PNG_FILES = NO;
				FRAMEWORK_SEARCH_PATHS = (
					"$(SRCROOT)",
					/Users/niteluo/Projects/test/cocos/sdkbox-fyber-sample/js/frameworks/runtime-src/proj.ios_mac/,
					"$(PROJECT_DIR)/Fyber_AdColony_2.6.0-r2.embeddedframework",
					"$(PROJECT_DIR)/Fyber_Chartboost_5.5.0-r2.embeddedframework",
					"$(PROJECT_DIR)/Fyber_Vungle_3.2.0-r1.embeddedframework",
					"\"$(SRCROOT)\"",
				);
				GCC_DYNAMIC_NO_PIC = NO;
				GCC_PRECOMPILE_PREFIX_HEADER = YES;
				GCC_PREFIX_HEADER = ios/Prefix.pch;
				GCC_PREPROCESSOR_DEFINITIONS = (
					CC_TARGET_OS_IPHONE,
					"$(inherited)",
				);
				GCC_SYMBOLS_PRIVATE_EXTERN = YES;
				HEADER_SEARCH_PATHS = (
					"$(SRCROOT)/../Classes",
					../../../../cocos2d-x-3.6-lib/tools/simulator/libsimulator/lib/,
					../../../../cocos2d-x-3.6-lib/tools/simulator/libsimulator/lib/protobuf-lite,
				);
				INFOPLIST_FILE = ios/Info.plist;
				IPHONEOS_DEPLOYMENT_TARGET = 5.0;
				LIBRARY_SEARCH_PATHS = (
					../../../../cocos2d-x-3.6-lib/prebuilt/ios,
					"\"sdkbox.framework\"",
					"\"PluginFyber.framework\"",
					"\"PluginAdColony.framework\"",
					"\"AdColony.framework\"",
					"\"PluginChartboost.framework\"",
					"\"Chartboost.framework\"",
					"\"PluginVungle.framework\"",
					"\"VungleSDK.framework\"",
				);
				OTHER_CFLAGS = (
					-DSDKBOX_ENABLED,
				);
				OTHER_LDFLAGS = (
					-fobjc-arc,
					-ObjC,
					"-force_load AdColony.framework/AdColony",
					"-force_load PluginFyber.framework/PluginFyber",
				);
				SDKROOT = iphoneos;
				TARGETED_DEVICE_FAMILY = "1,2";
				USER_HEADER_SEARCH_PATHS = "$(inherited) ../../../../cocos2d-x-3.6-lib/cocos ../../../../cocos2d-x-3.6-lib/cocos/platform/ios ../../../../cocos2d-x-3.6-lib/external/spidermonkey/include/ios ../../../../cocos2d-x-3.6-lib/plugin/jsbindings/auto ../../../../cocos2d-x-3.6-lib/plugin/jsbindings/manual ../../../../cocos2d-x-3.6-lib/external/curl/include/ios";
				VALID_ARCHS = "arm64 armv7";
			};
			name = Debug;
		};
		A92277021517C097001B78AA /* Release */ = {
			isa = XCBuildConfiguration;
			buildSettings = {
				ALWAYS_SEARCH_USER_PATHS = YES;
				CODE_SIGN_IDENTITY = "iPhone Developer";
				COMPRESS_PNG_FILES = NO;
				FRAMEWORK_SEARCH_PATHS = (
					"$(SRCROOT)",
					/Users/niteluo/Projects/test/cocos/sdkbox-fyber-sample/js/frameworks/runtime-src/proj.ios_mac/,
					"$(PROJECT_DIR)/Fyber_AdColony_2.6.0-r2.embeddedframework",
					"$(PROJECT_DIR)/Fyber_Chartboost_5.5.0-r2.embeddedframework",
					"$(PROJECT_DIR)/Fyber_Vungle_3.2.0-r1.embeddedframework",
					"\"$(SRCROOT)\"",
				);
				GCC_GENERATE_DEBUGGING_SYMBOLS = NO;
				GCC_PRECOMPILE_PREFIX_HEADER = YES;
				GCC_PREFIX_HEADER = ios/Prefix.pch;
				GCC_PREPROCESSOR_DEFINITIONS = (
					CC_TARGET_OS_IPHONE,
					"$(inherited)",
				);
				GCC_SYMBOLS_PRIVATE_EXTERN = YES;
				HEADER_SEARCH_PATHS = (
					"$(SRCROOT)/../Classes",
					../../../../cocos2d-x-3.6-lib/tools/simulator/libsimulator/lib/,
					../../../../cocos2d-x-3.6-lib/tools/simulator/libsimulator/lib/protobuf-lite,
				);
				INFOPLIST_FILE = ios/Info.plist;
				IPHONEOS_DEPLOYMENT_TARGET = 5.0;
				LIBRARY_SEARCH_PATHS = (
					../../../../cocos2d-x-3.6-lib/prebuilt/ios,
					"\"sdkbox.framework\"",
					"\"PluginFyber.framework\"",
					"\"PluginAdColony.framework\"",
					"\"AdColony.framework\"",
					"\"PluginChartboost.framework\"",
					"\"Chartboost.framework\"",
					"\"PluginVungle.framework\"",
					"\"VungleSDK.framework\"",
				);
				OTHER_CFLAGS = (
					-DSDKBOX_ENABLED,
				);
				OTHER_LDFLAGS = (
					-fobjc-arc,
					-ObjC,
					"-force_load AdColony.framework/AdColony",
					"-force_load PluginFyber.framework/PluginFyber",
				);
				SDKROOT = iphoneos;
				TARGETED_DEVICE_FAMILY = "1,2";
				USER_HEADER_SEARCH_PATHS = "$(inherited) ../../../../cocos2d-x-3.6-lib/cocos ../../../../cocos2d-x-3.6-lib/cocos/platform/ios ../../../../cocos2d-x-3.6-lib/external/spidermonkey/include/ios ../../../../cocos2d-x-3.6-lib/plugin/jsbindings/auto ../../../../cocos2d-x-3.6-lib/plugin/jsbindings/manual ../../../../cocos2d-x-3.6-lib/external/curl/include/ios";
				VALID_ARCHS = "arm64 armv7";
			};
			name = Release;
		};
/* End XCBuildConfiguration section */

/* Begin XCConfigurationList section */
		509D4AA717EBB24E00697056 /* Build configuration list for PBXNativeTarget "js Mac" */ = {
			isa = XCConfigurationList;
			buildConfigurations = (
				509D4AA817EBB24E00697056 /* Debug */,
				509D4AA917EBB24E00697056 /* Release */,
			);
			defaultConfigurationIsVisible = 0;
			defaultConfigurationName = Release;
		};
		A92275371517C094001B78AA /* Build configuration list for PBXProject "Unity-iPhone" */ = {
			isa = XCConfigurationList;
			buildConfigurations = (
				A92276FE1517C097001B78AA /* Debug */,
				A92276FF1517C097001B78AA /* Release */,
			);
			defaultConfigurationIsVisible = 0;
			defaultConfigurationName = Release;
		};
		A92277001517C097001B78AA /* Build configuration list for PBXNativeTarget "js iOS" */ = {
			isa = XCConfigurationList;
			buildConfigurations = (
				A92277011517C097001B78AA /* Debug */,
				A92277021517C097001B78AA /* Release */,
			);
			defaultConfigurationIsVisible = 0;
			defaultConfigurationName = Release;
		};
/* End XCConfigurationList section */

/* Begin PBXVariantGroup section */
		9FD1E6BB1A51362E0009A6C5 /* MainMenu.xib */ = {
			isa = PBXVariantGroup;
			children = (
				9FD1E6BC1A51362E0009A6C5 /* Base */,
				9FD1E6BE1A5136370009A6C5 /* zh-Hans */,
			);
			name = MainMenu.xib;
			sourceTree = "<group>";
		};
/* End PBXVariantGroup section */
	};
	rootObject = A92275341517C094001B78AA /* Project Object */;
}