// !$*UTF8*$!
{
	archiveVersion = 1;
	classes = {
	};
	objectVersion = 46;
	objects = {

/* Begin PBXBuildFile section */
		0594480A81092D49B1EAED97 /* SystemConfiguration.framework in Frameworks */ = {isa = PBXBuildFile; fileRef = C87D45A595E89E2FFD8567D0 /* SystemConfiguration.framework */; };
		0C0D4B5D8A9B36A6AEE98F5C /* MessageUI.framework in Frameworks */ = {isa = PBXBuildFile; fileRef = 2AA04057A022EE5A96B4D581 /* MessageUI.framework */; };
		0C40409B992FE67334F91019 /* libz.1.2.5.dylib in Frameworks */ = {isa = PBXBuildFile; fileRef = FA514E1887B22EEFF5EBCCA3 /* libz.1.2.5.dylib */; };
		0F31474BB83A8678F6280BF2 /* MediaPlayer.framework in Frameworks */ = {isa = PBXBuildFile; fileRef = B6164CB084C9194A8493EDDD /* MediaPlayer.framework */; };
		0F734CC69ED875A91E34C1FA /* StoreKit.framework in Frameworks */ = {isa = PBXBuildFile; fileRef = 49254A629C3456093D9B1480 /* StoreKit.framework */; };
		10F3408D93E2912661C721D3 /* PluginFyber.framework in Frameworks */ = {isa = PBXBuildFile; fileRef = 61A24995AB0997EDBA885CC1 /* PluginFyber.framework */; };
		1A3542FA97BE907DAB56C60D /* VungleSDK.framework in Frameworks */ = {isa = PBXBuildFile; fileRef = 6C2C4DA2AD1951DCEDFC2E8A /* VungleSDK.framework */; };
		1D60589F0D05DD5A006BFB54 /* Foundation.framework in Frameworks */ = {isa = PBXBuildFile; fileRef = 1D30AB110D05D00D00671497 /* Foundation.framework */; };
		1DF5F4E00D08C38300B7A737 /* UIKit.framework in Frameworks */ = {isa = PBXBuildFile; fileRef = 1DF5F4DF0D08C38300B7A737 /* UIKit.framework */; };
		1E2446B7A999BED52744973F /* libcocos2d iOS.a in Frameworks */ = {isa = PBXBuildFile; fileRef = BCD74A149DC46B8ADD65DD04 /* libcocos2d iOS.a */; };
		22454EF0A5C00F928A7EE3C6 /* CFNetwork.framework in Frameworks */ = {isa = PBXBuildFile; fileRef = FA8E4F19B9B8849EA6FA1023 /* CFNetwork.framework */; };
		24C54017B9FDAAEAC3002C30 /* CoreTelephony.framework in Frameworks */ = {isa = PBXBuildFile; fileRef = 89A940F1B310FA3BA8C0F053 /* CoreTelephony.framework */; };
		271D411F8DEBB3C70DD9BF8E /* Chartboost.framework in Frameworks */ = {isa = PBXBuildFile; fileRef = D9E14923A3FB1734445C380A /* Chartboost.framework */; };
		288765A50DF7441C002DB57D /* CoreGraphics.framework in Frameworks */ = {isa = PBXBuildFile; fileRef = 288765A40DF7441C002DB57D /* CoreGraphics.framework */; };
		2C504F0EB2A284A451C89968 /* PluginAdColony.framework in Frameworks */ = {isa = PBXBuildFile; fileRef = C52441E9B627270E17AC558E /* PluginAdColony.framework */; };
		2F6B47DB8660B2DCF65B7ACB /* WebKit.framework in Frameworks */ = {isa = PBXBuildFile; fileRef = 9000478DA106716E867F4F44 /* WebKit.framework */; };
		322241F2AA038BA26C485118 /* WebKit.framework in Frameworks */ = {isa = PBXBuildFile; fileRef = 9000478DA106716E867F4F44 /* WebKit.framework */; };
		3E0B4B6FBD08E8338E1BFD87 /* StoreKit.framework in Frameworks */ = {isa = PBXBuildFile; fileRef = 49254A629C3456093D9B1480 /* StoreKit.framework */; };
		3EC2453DA798B73C50FB81E6 /* PluginVungle.framework in Frameworks */ = {isa = PBXBuildFile; fileRef = 4D4349B6BC839A68A0026236 /* PluginVungle.framework */; };
		45FD4179B30A04BEC45719D7 /* PluginAdColony.framework in Frameworks */ = {isa = PBXBuildFile; fileRef = C52441E9B627270E17AC558E /* PluginAdColony.framework */; };
		460A411B8519E3BCCCF17747 /* AdColony.framework in Frameworks */ = {isa = PBXBuildFile; fileRef = 5A8441BA8F9DBD17322A3327 /* AdColony.framework */; };
		46880B8819C43A87006E1F66 /* AppDelegate.cpp in Sources */ = {isa = PBXBuildFile; fileRef = 46880B8419C43A87006E1F66 /* AppDelegate.cpp */; };
		46880B8919C43A87006E1F66 /* AppDelegate.cpp in Sources */ = {isa = PBXBuildFile; fileRef = 46880B8419C43A87006E1F66 /* AppDelegate.cpp */; };
		46880B8A19C43A87006E1F66 /* HelloWorldScene.cpp in Sources */ = {isa = PBXBuildFile; fileRef = 46880B8619C43A87006E1F66 /* HelloWorldScene.cpp */; };
		46880B8B19C43A87006E1F66 /* HelloWorldScene.cpp in Sources */ = {isa = PBXBuildFile; fileRef = 46880B8619C43A87006E1F66 /* HelloWorldScene.cpp */; };
		503AE0F817EB97AB00D1A890 /* Icon.icns in Resources */ = {isa = PBXBuildFile; fileRef = 503AE0F617EB97AB00D1A890 /* Icon.icns */; };
		503AE10017EB989F00D1A890 /* AppController.mm in Sources */ = {isa = PBXBuildFile; fileRef = 503AE0FB17EB989F00D1A890 /* AppController.mm */; };
		503AE10117EB989F00D1A890 /* main.m in Sources */ = {isa = PBXBuildFile; fileRef = 503AE0FC17EB989F00D1A890 /* main.m */; };
		503AE10217EB989F00D1A890 /* RootViewController.mm in Sources */ = {isa = PBXBuildFile; fileRef = 503AE0FF17EB989F00D1A890 /* RootViewController.mm */; };
		503AE10517EB98FF00D1A890 /* main.cpp in Sources */ = {isa = PBXBuildFile; fileRef = 503AE10317EB98FF00D1A890 /* main.cpp */; };
		503AE11B17EB9C5A00D1A890 /* IOKit.framework in Frameworks */ = {isa = PBXBuildFile; fileRef = 503AE11A17EB9C5A00D1A890 /* IOKit.framework */; };
		5087E76317EB910900C73F5D /* Foundation.framework in Frameworks */ = {isa = PBXBuildFile; fileRef = 1D30AB110D05D00D00671497 /* Foundation.framework */; };
		5087E76717EB910900C73F5D /* libz.dylib in Frameworks */ = {isa = PBXBuildFile; fileRef = BF170DB412928DE900B8313A /* libz.dylib */; };
		5087E76817EB910900C73F5D /* QuartzCore.framework in Frameworks */ = {isa = PBXBuildFile; fileRef = BF1C47EA1293683800B63C5D /* QuartzCore.framework */; };
		5087E76917EB910900C73F5D /* OpenAL.framework in Frameworks */ = {isa = PBXBuildFile; fileRef = D44C620B132DFF330009C878 /* OpenAL.framework */; };
		5087E76A17EB910900C73F5D /* AVFoundation.framework in Frameworks */ = {isa = PBXBuildFile; fileRef = D44C620D132DFF430009C878 /* AVFoundation.framework */; };
		5087E76B17EB910900C73F5D /* AudioToolbox.framework in Frameworks */ = {isa = PBXBuildFile; fileRef = D44C620F132DFF4E0009C878 /* AudioToolbox.framework */; };
		5087E77D17EB970100C73F5D /* Default-568h@2x.png in Resources */ = {isa = PBXBuildFile; fileRef = 5087E77217EB970100C73F5D /* Default-568h@2x.png */; };
		5087E77E17EB970100C73F5D /* Default.png in Resources */ = {isa = PBXBuildFile; fileRef = 5087E77317EB970100C73F5D /* Default.png */; };
		5087E77F17EB970100C73F5D /* Default@2x.png in Resources */ = {isa = PBXBuildFile; fileRef = 5087E77417EB970100C73F5D /* Default@2x.png */; };
		5087E78017EB970100C73F5D /* Icon-114.png in Resources */ = {isa = PBXBuildFile; fileRef = 5087E77517EB970100C73F5D /* Icon-114.png */; };
		5087E78117EB970100C73F5D /* Icon-120.png in Resources */ = {isa = PBXBuildFile; fileRef = 5087E77617EB970100C73F5D /* Icon-120.png */; };
		5087E78217EB970100C73F5D /* Icon-144.png in Resources */ = {isa = PBXBuildFile; fileRef = 5087E77717EB970100C73F5D /* Icon-144.png */; };
		5087E78317EB970100C73F5D /* Icon-152.png in Resources */ = {isa = PBXBuildFile; fileRef = 5087E77817EB970100C73F5D /* Icon-152.png */; };
		5087E78417EB970100C73F5D /* Icon-57.png in Resources */ = {isa = PBXBuildFile; fileRef = 5087E77917EB970100C73F5D /* Icon-57.png */; };
		5087E78517EB970100C73F5D /* Icon-72.png in Resources */ = {isa = PBXBuildFile; fileRef = 5087E77A17EB970100C73F5D /* Icon-72.png */; };
		5087E78617EB970100C73F5D /* Icon-76.png in Resources */ = {isa = PBXBuildFile; fileRef = 5087E77B17EB970100C73F5D /* Icon-76.png */; };
		5087E78917EB974C00C73F5D /* AppKit.framework in Frameworks */ = {isa = PBXBuildFile; fileRef = 5087E78817EB974C00C73F5D /* AppKit.framework */; };
		5087E78B17EB975400C73F5D /* OpenGL.framework in Frameworks */ = {isa = PBXBuildFile; fileRef = 5087E78A17EB975400C73F5D /* OpenGL.framework */; };
		50EF629617ECD46A001EB2F8 /* Icon-40.png in Resources */ = {isa = PBXBuildFile; fileRef = 50EF629217ECD46A001EB2F8 /* Icon-40.png */; };
		50EF629717ECD46A001EB2F8 /* Icon-58.png in Resources */ = {isa = PBXBuildFile; fileRef = 50EF629317ECD46A001EB2F8 /* Icon-58.png */; };
		50EF629817ECD46A001EB2F8 /* Icon-80.png in Resources */ = {isa = PBXBuildFile; fileRef = 50EF629417ECD46A001EB2F8 /* Icon-80.png */; };
		50EF629917ECD46A001EB2F8 /* Icon-100.png in Resources */ = {isa = PBXBuildFile; fileRef = 50EF629517ECD46A001EB2F8 /* Icon-100.png */; };
		50EF62A217ECD613001EB2F8 /* Icon-29.png in Resources */ = {isa = PBXBuildFile; fileRef = 50EF62A017ECD613001EB2F8 /* Icon-29.png */; };
		50EF62A317ECD613001EB2F8 /* Icon-50.png in Resources */ = {isa = PBXBuildFile; fileRef = 50EF62A117ECD613001EB2F8 /* Icon-50.png */; };
		521A8E6419F0C34300D177D7 /* Default-667h@2x.png in Resources */ = {isa = PBXBuildFile; fileRef = 521A8E6219F0C34300D177D7 /* Default-667h@2x.png */; };
		521A8E6519F0C34300D177D7 /* Default-736h@3x.png in Resources */ = {isa = PBXBuildFile; fileRef = 521A8E6319F0C34300D177D7 /* Default-736h@3x.png */; };
		52B47A471A53D09C004E4C60 /* Security.framework in Frameworks */ = {isa = PBXBuildFile; fileRef = 52B47A461A53D09B004E4C60 /* Security.framework */; };
		534E42A092F7CD3E29C5BABB /* GameController.framework in Frameworks */ = {isa = PBXBuildFile; fileRef = F6D54C77B5340CBCF43101CD /* GameController.framework */; };
		540C4FE4BC2BD7528692A376 /* Social.framework in Frameworks */ = {isa = PBXBuildFile; fileRef = 37AD43A2B6187B5BCC7376C5 /* Social.framework */; };
		58254EFE957754D9762ED448 /* libsqlite3.dylib in Frameworks */ = {isa = PBXBuildFile; fileRef = 4047436B93E822FC9B1CE519 /* libsqlite3.dylib */; };
		5921480EAF435D5BF9717D8C /* sdkbox.framework in Frameworks */ = {isa = PBXBuildFile; fileRef = 3C85468F888EE0965586AA3F /* sdkbox.framework */; };
		5AF14DCEA73CA4146D0A81F0 /* MessageUI.framework in Frameworks */ = {isa = PBXBuildFile; fileRef = 2AA04057A022EE5A96B4D581 /* MessageUI.framework */; };
		6307484C93E5EA549694DD2C /* GameController.framework in Frameworks */ = {isa = PBXBuildFile; fileRef = F6D54C77B5340CBCF43101CD /* GameController.framework */; };
		675148DD9DF0098DC22AECDD /* CFNetwork.framework in Frameworks */ = {isa = PBXBuildFile; fileRef = FA8E4F19B9B8849EA6FA1023 /* CFNetwork.framework */; };
		6B7C4439AC2500E36F064B31 /* CoreMedia.framework in Frameworks */ = {isa = PBXBuildFile; fileRef = 2F6044E5AB63830E34F934EE /* CoreMedia.framework */; };
		74BD4186BD11A35D636CFB4A /* CoreLocation.framework in Frameworks */ = {isa = PBXBuildFile; fileRef = 92354C5E8C2CC52E842BBC03 /* CoreLocation.framework */; };
		771445C1B0589BD2D0CB9721 /* EventKitUI.framework in Frameworks */ = {isa = PBXBuildFile; fileRef = B7414B1EBAA04768847267B7 /* EventKitUI.framework */; };
		786C4231878609CF6094EBED /* SystemConfiguration.framework in Frameworks */ = {isa = PBXBuildFile; fileRef = C87D45A595E89E2FFD8567D0 /* SystemConfiguration.framework */; };
		7CAA44A4828CA1B0E56A9A3D /* CoreLocation.framework in Frameworks */ = {isa = PBXBuildFile; fileRef = 92354C5E8C2CC52E842BBC03 /* CoreLocation.framework */; };
		8262943E1AAF051F00CB7CF7 /* Security.framework in Frameworks */ = {isa = PBXBuildFile; fileRef = 8262943D1AAF051F00CB7CF7 /* Security.framework */; };
		858D4A7FA456C815411307A8 /* PluginChartboost.framework in Frameworks */ = {isa = PBXBuildFile; fileRef = D262418EB416A6A3E02F555A /* PluginChartboost.framework */; };
		8A8B4C979DD3CCD87C6EE1A5 /* Chartboost.framework in Frameworks */ = {isa = PBXBuildFile; fileRef = D9E14923A3FB1734445C380A /* Chartboost.framework */; };
		937448DE984E1725477D36A3 /* MediaPlayer.framework in Frameworks */ = {isa = PBXBuildFile; fileRef = B6164CB084C9194A8493EDDD /* MediaPlayer.framework */; };
		94BD4E039203CBCC5060909B /* CoreMedia.framework in Frameworks */ = {isa = PBXBuildFile; fileRef = 2F6044E5AB63830E34F934EE /* CoreMedia.framework */; };
		9B4741E5B4C2AEE76ED5E5A6 /* Social.framework in Frameworks */ = {isa = PBXBuildFile; fileRef = 37AD43A2B6187B5BCC7376C5 /* Social.framework */; };
		9BB34FEBA33B064E411886E9 /* PluginChartboost.framework in Frameworks */ = {isa = PBXBuildFile; fileRef = D262418EB416A6A3E02F555A /* PluginChartboost.framework */; };
		9D2B4DD28DBBB2AF20A1B547 /* PluginFyber.framework in Frameworks */ = {isa = PBXBuildFile; fileRef = 61A24995AB0997EDBA885CC1 /* PluginFyber.framework */; };
		9FC790341BABED030019C2C9 /* sdkbox_config.json in Resources */ = {isa = PBXBuildFile; fileRef = 9FC790331BABED030019C2C9 /* sdkbox_config.json */; };
		A0E0446CBD24C3315D268DFA /* libcocos2d Mac.a in Frameworks */ = {isa = PBXBuildFile; fileRef = DD0E441CA891805BCDF81F27 /* libcocos2d Mac.a */; };
		A4904012AF58EE9402A64D1A /* sdkbox.framework in Frameworks */ = {isa = PBXBuildFile; fileRef = 3C85468F888EE0965586AA3F /* sdkbox.framework */; };
		B0E84CEF9BB0FC7CA4A0DFEA /* PluginVungle.framework in Frameworks */ = {isa = PBXBuildFile; fileRef = 4D4349B6BC839A68A0026236 /* PluginVungle.framework */; };
		B5E045869987CEC536E1AE98 /* AdSupport.framework in Frameworks */ = {isa = PBXBuildFile; fileRef = 146B4F9792E15C0B68908A87 /* AdSupport.framework */; };
		BF0E4A8FBDA4099A589F9621 /* CoreTelephony.framework in Frameworks */ = {isa = PBXBuildFile; fileRef = 89A940F1B310FA3BA8C0F053 /* CoreTelephony.framework */; };
		BF171245129291EC00B8313A /* OpenGLES.framework in Frameworks */ = {isa = PBXBuildFile; fileRef = BF170DB012928DE900B8313A /* OpenGLES.framework */; };
		BF1712471292920000B8313A /* libz.dylib in Frameworks */ = {isa = PBXBuildFile; fileRef = BF170DB412928DE900B8313A /* libz.dylib */; };
		BF1C47F01293687400B63C5D /* QuartzCore.framework in Frameworks */ = {isa = PBXBuildFile; fileRef = BF1C47EA1293683800B63C5D /* QuartzCore.framework */; };
		C5EE4F6B8D51BFA36ED3018C /* AdColony.framework in Frameworks */ = {isa = PBXBuildFile; fileRef = 5A8441BA8F9DBD17322A3327 /* AdColony.framework */; };
		CED446779E247528A27EE167 /* AdSupport.framework in Frameworks */ = {isa = PBXBuildFile; fileRef = 146B4F9792E15C0B68908A87 /* AdSupport.framework */; };
		D30246AF948D01A8F3F42BA4 /* libz.1.2.5.dylib in Frameworks */ = {isa = PBXBuildFile; fileRef = FA514E1887B22EEFF5EBCCA3 /* libz.1.2.5.dylib */; };
		D421448E8A3A5C91D6C6E1E7 /* EventKit.framework in Frameworks */ = {isa = PBXBuildFile; fileRef = 244E447BB12FDDF720549939 /* EventKit.framework */; };
		D44C620C132DFF330009C878 /* OpenAL.framework in Frameworks */ = {isa = PBXBuildFile; fileRef = D44C620B132DFF330009C878 /* OpenAL.framework */; };
		D44C620E132DFF430009C878 /* AVFoundation.framework in Frameworks */ = {isa = PBXBuildFile; fileRef = D44C620D132DFF430009C878 /* AVFoundation.framework */; };
		D44C6210132DFF4E0009C878 /* AudioToolbox.framework in Frameworks */ = {isa = PBXBuildFile; fileRef = D44C620F132DFF4E0009C878 /* AudioToolbox.framework */; };
		D6B0611B1803AB670077942B /* CoreMotion.framework in Frameworks */ = {isa = PBXBuildFile; fileRef = D6B0611A1803AB670077942B /* CoreMotion.framework */; };
		D76D41D4B05DF635223CDF73 /* VungleSDK.framework in Frameworks */ = {isa = PBXBuildFile; fileRef = 6C2C4DA2AD1951DCEDFC2E8A /* VungleSDK.framework */; };
		DDD34B3983BC9D36171D3FE2 /* EventKitUI.framework in Frameworks */ = {isa = PBXBuildFile; fileRef = B7414B1EBAA04768847267B7 /* EventKitUI.framework */; };
		E90A4ED3B0271F380C4F3DA3 /* libsqlite3.dylib in Frameworks */ = {isa = PBXBuildFile; fileRef = 4047436B93E822FC9B1CE519 /* libsqlite3.dylib */; };
		F9EE4EC28A142EE6D4580F1B /* EventKit.framework in Frameworks */ = {isa = PBXBuildFile; fileRef = 244E447BB12FDDF720549939 /* EventKit.framework */; };
/* End PBXBuildFile section */

/* Begin PBXFileReference section */
		146B4F9792E15C0B68908A87 /* AdSupport.framework */ = {isa = PBXFileReference; lastKnownFileType = wrapper.framework; name = AdSupport.framework; path = Platforms/iPhoneOS.platform/Developer/SDKs/iPhoneOS.sdk/System/Library/Frameworks/AdSupport.framework; sourceTree = DEVELOPER_DIR; };
		1ACB3243164770DE00914215 /* libcurl.a */ = {isa = PBXFileReference; lastKnownFileType = archive.ar; name = libcurl.a; path = ../../cocos2dx/platform/third_party/ios/libraries/libcurl.a; sourceTree = "<group>"; };
		1D30AB110D05D00D00671497 /* Foundation.framework */ = {isa = PBXFileReference; lastKnownFileType = wrapper.framework; name = Foundation.framework; path = System/Library/Frameworks/Foundation.framework; sourceTree = SDKROOT; };
		1D6058910D05DD3D006BFB54 /* cpp iOS.app */ = {isa = PBXFileReference; explicitFileType = wrapper.application; includeInIndex = 0; path = "cpp iOS.app"; sourceTree = BUILT_PRODUCTS_DIR; };
		1DF5F4DF0D08C38300B7A737 /* UIKit.framework */ = {isa = PBXFileReference; lastKnownFileType = wrapper.framework; name = UIKit.framework; path = System/Library/Frameworks/UIKit.framework; sourceTree = SDKROOT; };
		244E447BB12FDDF720549939 /* EventKit.framework */ = {isa = PBXFileReference; lastKnownFileType = wrapper.framework; name = EventKit.framework; path = Platforms/iPhoneOS.platform/Developer/SDKs/iPhoneOS.sdk/System/Library/Frameworks/EventKit.framework; sourceTree = DEVELOPER_DIR; };
		288765A40DF7441C002DB57D /* CoreGraphics.framework */ = {isa = PBXFileReference; lastKnownFileType = wrapper.framework; name = CoreGraphics.framework; path = System/Library/Frameworks/CoreGraphics.framework; sourceTree = SDKROOT; };
		2AA04057A022EE5A96B4D581 /* MessageUI.framework */ = {isa = PBXFileReference; lastKnownFileType = wrapper.framework; name = MessageUI.framework; path = Platforms/iPhoneOS.platform/Developer/SDKs/iPhoneOS.sdk/System/Library/Frameworks/MessageUI.framework; sourceTree = DEVELOPER_DIR; };
		2F6044E5AB63830E34F934EE /* CoreMedia.framework */ = {isa = PBXFileReference; lastKnownFileType = wrapper.framework; name = CoreMedia.framework; path = Platforms/iPhoneOS.platform/Developer/SDKs/iPhoneOS.sdk/System/Library/Frameworks/CoreMedia.framework; sourceTree = DEVELOPER_DIR; };
		37AD43A2B6187B5BCC7376C5 /* Social.framework */ = {isa = PBXFileReference; lastKnownFileType = wrapper.framework; name = Social.framework; path = Platforms/iPhoneOS.platform/Developer/SDKs/iPhoneOS.sdk/System/Library/Frameworks/Social.framework; sourceTree = DEVELOPER_DIR; };
		3C85468F888EE0965586AA3F /* sdkbox.framework */ = {isa = PBXFileReference; lastKnownFileType = wrapper.framework; path = sdkbox.framework; sourceTree = "<group>"; };
		4047436B93E822FC9B1CE519 /* libsqlite3.dylib */ = {isa = PBXFileReference; lastKnownFileType = "compiled.mach-o.dylib"; name = libsqlite3.dylib; path = Platforms/iPhoneOS.platform/Developer/SDKs/iPhoneOS.sdk/usr/lib/libsqlite3.dylib; sourceTree = DEVELOPER_DIR; };
		46880B8419C43A87006E1F66 /* AppDelegate.cpp */ = {isa = PBXFileReference; fileEncoding = 4; lastKnownFileType = sourcecode.cpp.cpp; path = AppDelegate.cpp; sourceTree = "<group>"; };
		46880B8519C43A87006E1F66 /* AppDelegate.h */ = {isa = PBXFileReference; fileEncoding = 4; lastKnownFileType = sourcecode.c.h; path = AppDelegate.h; sourceTree = "<group>"; };
		46880B8619C43A87006E1F66 /* HelloWorldScene.cpp */ = {isa = PBXFileReference; fileEncoding = 4; lastKnownFileType = sourcecode.cpp.cpp; path = HelloWorldScene.cpp; sourceTree = "<group>"; };
		46880B8719C43A87006E1F66 /* HelloWorldScene.h */ = {isa = PBXFileReference; fileEncoding = 4; lastKnownFileType = sourcecode.c.h; path = HelloWorldScene.h; sourceTree = "<group>"; };
		49254A629C3456093D9B1480 /* StoreKit.framework */ = {isa = PBXFileReference; lastKnownFileType = wrapper.framework; name = StoreKit.framework; path = Platforms/iPhoneOS.platform/Developer/SDKs/iPhoneOS.sdk/System/Library/Frameworks/StoreKit.framework; sourceTree = DEVELOPER_DIR; };
		4D4349B6BC839A68A0026236 /* PluginVungle.framework */ = {isa = PBXFileReference; lastKnownFileType = wrapper.framework; path = PluginVungle.framework; sourceTree = SOURCE_ROOT; };
		503AE0F617EB97AB00D1A890 /* Icon.icns */ = {isa = PBXFileReference; lastKnownFileType = image.icns; path = Icon.icns; sourceTree = "<group>"; };
		503AE0F717EB97AB00D1A890 /* Info.plist */ = {isa = PBXFileReference; fileEncoding = 4; lastKnownFileType = text.plist.xml; path = Info.plist; sourceTree = "<group>"; };
		503AE0FA17EB989F00D1A890 /* AppController.h */ = {isa = PBXFileReference; fileEncoding = 4; lastKnownFileType = sourcecode.c.h; name = AppController.h; path = ios/AppController.h; sourceTree = SOURCE_ROOT; };
		503AE0FB17EB989F00D1A890 /* AppController.mm */ = {isa = PBXFileReference; fileEncoding = 4; lastKnownFileType = sourcecode.cpp.objcpp; name = AppController.mm; path = ios/AppController.mm; sourceTree = SOURCE_ROOT; };
		503AE0FC17EB989F00D1A890 /* main.m */ = {isa = PBXFileReference; fileEncoding = 4; lastKnownFileType = sourcecode.c.objc; name = main.m; path = ios/main.m; sourceTree = SOURCE_ROOT; };
		503AE0FD17EB989F00D1A890 /* Prefix.pch */ = {isa = PBXFileReference; fileEncoding = 4; lastKnownFileType = sourcecode.c.h; name = Prefix.pch; path = ios/Prefix.pch; sourceTree = SOURCE_ROOT; };
		503AE0FE17EB989F00D1A890 /* RootViewController.h */ = {isa = PBXFileReference; fileEncoding = 4; lastKnownFileType = sourcecode.c.h; name = RootViewController.h; path = ios/RootViewController.h; sourceTree = SOURCE_ROOT; };
		503AE0FF17EB989F00D1A890 /* RootViewController.mm */ = {isa = PBXFileReference; fileEncoding = 4; lastKnownFileType = sourcecode.cpp.objcpp; name = RootViewController.mm; path = ios/RootViewController.mm; sourceTree = SOURCE_ROOT; };
		503AE10317EB98FF00D1A890 /* main.cpp */ = {isa = PBXFileReference; fileEncoding = 4; lastKnownFileType = sourcecode.cpp.cpp; name = main.cpp; path = mac/main.cpp; sourceTree = "<group>"; };
		503AE10417EB98FF00D1A890 /* Prefix.pch */ = {isa = PBXFileReference; fileEncoding = 4; lastKnownFileType = sourcecode.c.h; name = Prefix.pch; path = mac/Prefix.pch; sourceTree = "<group>"; };
		503AE11117EB99EE00D1A890 /* libcurl.dylib */ = {isa = PBXFileReference; lastKnownFileType = "compiled.mach-o.dylib"; name = libcurl.dylib; path = usr/lib/libcurl.dylib; sourceTree = SDKROOT; };
		503AE11A17EB9C5A00D1A890 /* IOKit.framework */ = {isa = PBXFileReference; lastKnownFileType = wrapper.framework; name = IOKit.framework; path = System/Library/Frameworks/IOKit.framework; sourceTree = SDKROOT; };
		5087E76F17EB910900C73F5D /* cpp Mac.app */ = {isa = PBXFileReference; explicitFileType = wrapper.application; includeInIndex = 0; path = "cpp Mac.app"; sourceTree = BUILT_PRODUCTS_DIR; };
		5087E77217EB970100C73F5D /* Default-568h@2x.png */ = {isa = PBXFileReference; lastKnownFileType = image.png; path = "Default-568h@2x.png"; sourceTree = "<group>"; };
		5087E77317EB970100C73F5D /* Default.png */ = {isa = PBXFileReference; lastKnownFileType = image.png; path = Default.png; sourceTree = "<group>"; };
		5087E77417EB970100C73F5D /* Default@2x.png */ = {isa = PBXFileReference; lastKnownFileType = image.png; path = "Default@2x.png"; sourceTree = "<group>"; };
		5087E77517EB970100C73F5D /* Icon-114.png */ = {isa = PBXFileReference; lastKnownFileType = image.png; path = "Icon-114.png"; sourceTree = "<group>"; };
		5087E77617EB970100C73F5D /* Icon-120.png */ = {isa = PBXFileReference; lastKnownFileType = image.png; path = "Icon-120.png"; sourceTree = "<group>"; };
		5087E77717EB970100C73F5D /* Icon-144.png */ = {isa = PBXFileReference; lastKnownFileType = image.png; path = "Icon-144.png"; sourceTree = "<group>"; };
		5087E77817EB970100C73F5D /* Icon-152.png */ = {isa = PBXFileReference; lastKnownFileType = image.png; path = "Icon-152.png"; sourceTree = "<group>"; };
		5087E77917EB970100C73F5D /* Icon-57.png */ = {isa = PBXFileReference; lastKnownFileType = image.png; path = "Icon-57.png"; sourceTree = "<group>"; };
		5087E77A17EB970100C73F5D /* Icon-72.png */ = {isa = PBXFileReference; lastKnownFileType = image.png; path = "Icon-72.png"; sourceTree = "<group>"; };
		5087E77B17EB970100C73F5D /* Icon-76.png */ = {isa = PBXFileReference; lastKnownFileType = image.png; path = "Icon-76.png"; sourceTree = "<group>"; };
		5087E77C17EB970100C73F5D /* Info.plist */ = {isa = PBXFileReference; fileEncoding = 4; lastKnownFileType = text.plist.xml; path = Info.plist; sourceTree = "<group>"; };
		5087E78817EB974C00C73F5D /* AppKit.framework */ = {isa = PBXFileReference; lastKnownFileType = wrapper.framework; name = AppKit.framework; path = System/Library/Frameworks/AppKit.framework; sourceTree = SDKROOT; };
		5087E78A17EB975400C73F5D /* OpenGL.framework */ = {isa = PBXFileReference; lastKnownFileType = wrapper.framework; name = OpenGL.framework; path = System/Library/Frameworks/OpenGL.framework; sourceTree = SDKROOT; };
		50EF629217ECD46A001EB2F8 /* Icon-40.png */ = {isa = PBXFileReference; lastKnownFileType = image.png; path = "Icon-40.png"; sourceTree = "<group>"; };
		50EF629317ECD46A001EB2F8 /* Icon-58.png */ = {isa = PBXFileReference; lastKnownFileType = image.png; path = "Icon-58.png"; sourceTree = "<group>"; };
		50EF629417ECD46A001EB2F8 /* Icon-80.png */ = {isa = PBXFileReference; lastKnownFileType = image.png; path = "Icon-80.png"; sourceTree = "<group>"; };
		50EF629517ECD46A001EB2F8 /* Icon-100.png */ = {isa = PBXFileReference; lastKnownFileType = image.png; path = "Icon-100.png"; sourceTree = "<group>"; };
		50EF62A017ECD613001EB2F8 /* Icon-29.png */ = {isa = PBXFileReference; lastKnownFileType = image.png; path = "Icon-29.png"; sourceTree = "<group>"; };
		50EF62A117ECD613001EB2F8 /* Icon-50.png */ = {isa = PBXFileReference; lastKnownFileType = image.png; path = "Icon-50.png"; sourceTree = "<group>"; };
		521A8E6219F0C34300D177D7 /* Default-667h@2x.png */ = {isa = PBXFileReference; lastKnownFileType = image.png; path = "Default-667h@2x.png"; sourceTree = "<group>"; };
		521A8E6319F0C34300D177D7 /* Default-736h@3x.png */ = {isa = PBXFileReference; lastKnownFileType = image.png; path = "Default-736h@3x.png"; sourceTree = "<group>"; };
		52B47A461A53D09B004E4C60 /* Security.framework */ = {isa = PBXFileReference; lastKnownFileType = wrapper.framework; name = Security.framework; path = Platforms/iPhoneOS.platform/Developer/SDKs/iPhoneOS8.1.sdk/System/Library/Frameworks/Security.framework; sourceTree = DEVELOPER_DIR; };
		5A8441BA8F9DBD17322A3327 /* AdColony.framework */ = {isa = PBXFileReference; lastKnownFileType = wrapper.framework; path = AdColony.framework; sourceTree = SOURCE_ROOT; };
		61A24995AB0997EDBA885CC1 /* PluginFyber.framework */ = {isa = PBXFileReference; lastKnownFileType = wrapper.framework; path = PluginFyber.framework; sourceTree = "<group>"; };
		6C2C4DA2AD1951DCEDFC2E8A /* VungleSDK.framework */ = {isa = PBXFileReference; lastKnownFileType = wrapper.framework; path = VungleSDK.framework; sourceTree = SOURCE_ROOT; };
		8262943D1AAF051F00CB7CF7 /* Security.framework */ = {isa = PBXFileReference; lastKnownFileType = wrapper.framework; name = Security.framework; path = System/Library/Frameworks/Security.framework; sourceTree = SDKROOT; };
		89A940F1B310FA3BA8C0F053 /* CoreTelephony.framework */ = {isa = PBXFileReference; lastKnownFileType = wrapper.framework; name = CoreTelephony.framework; path = Platforms/iPhoneOS.platform/Developer/SDKs/iPhoneOS.sdk/System/Library/Frameworks/CoreTelephony.framework; sourceTree = DEVELOPER_DIR; };
		9000478DA106716E867F4F44 /* WebKit.framework */ = {isa = PBXFileReference; lastKnownFileType = wrapper.framework; name = WebKit.framework; path = Platforms/iPhoneOS.platform/Developer/SDKs/iPhoneOS.sdk/System/Library/Frameworks/WebKit.framework; sourceTree = DEVELOPER_DIR; };
		92354C5E8C2CC52E842BBC03 /* CoreLocation.framework */ = {isa = PBXFileReference; lastKnownFileType = wrapper.framework; name = CoreLocation.framework; path = Platforms/iPhoneOS.platform/Developer/SDKs/iPhoneOS.sdk/System/Library/Frameworks/CoreLocation.framework; sourceTree = DEVELOPER_DIR; };
		9FC790331BABED030019C2C9 /* sdkbox_config.json */ = {isa = PBXFileReference; fileEncoding = 4; lastKnownFileType = text.json; path = sdkbox_config.json; sourceTree = "<group>"; };
		B6164CB084C9194A8493EDDD /* MediaPlayer.framework */ = {isa = PBXFileReference; lastKnownFileType = wrapper.framework; name = MediaPlayer.framework; path = Platforms/iPhoneOS.platform/Developer/SDKs/iPhoneOS.sdk/System/Library/Frameworks/MediaPlayer.framework; sourceTree = DEVELOPER_DIR; };
		B7414B1EBAA04768847267B7 /* EventKitUI.framework */ = {isa = PBXFileReference; lastKnownFileType = wrapper.framework; name = EventKitUI.framework; path = Platforms/iPhoneOS.platform/Developer/SDKs/iPhoneOS.sdk/System/Library/Frameworks/EventKitUI.framework; sourceTree = DEVELOPER_DIR; };
		BCD74A149DC46B8ADD65DD04 /* libcocos2d iOS.a */ = {isa = PBXFileReference; lastKnownFileType = archive.ar; name = "libcocos2d iOS.a"; path = "../../cocos2d-x-3.6-lib/prebuilt/ios/libcocos2d iOS.a"; sourceTree = "<absolute>"; };
		BF170DB012928DE900B8313A /* OpenGLES.framework */ = {isa = PBXFileReference; lastKnownFileType = wrapper.framework; name = OpenGLES.framework; path = System/Library/Frameworks/OpenGLES.framework; sourceTree = SDKROOT; };
		BF170DB412928DE900B8313A /* libz.dylib */ = {isa = PBXFileReference; lastKnownFileType = "compiled.mach-o.dylib"; name = libz.dylib; path = usr/lib/libz.dylib; sourceTree = SDKROOT; };
		BF1C47EA1293683800B63C5D /* QuartzCore.framework */ = {isa = PBXFileReference; lastKnownFileType = wrapper.framework; name = QuartzCore.framework; path = System/Library/Frameworks/QuartzCore.framework; sourceTree = SDKROOT; };
		C52441E9B627270E17AC558E /* PluginAdColony.framework */ = {isa = PBXFileReference; lastKnownFileType = wrapper.framework; path = PluginAdColony.framework; sourceTree = SOURCE_ROOT; };
		C87D45A595E89E2FFD8567D0 /* SystemConfiguration.framework */ = {isa = PBXFileReference; lastKnownFileType = wrapper.framework; name = SystemConfiguration.framework; path = Platforms/iPhoneOS.platform/Developer/SDKs/iPhoneOS.sdk/System/Library/Frameworks/SystemConfiguration.framework; sourceTree = DEVELOPER_DIR; };
		D262418EB416A6A3E02F555A /* PluginChartboost.framework */ = {isa = PBXFileReference; lastKnownFileType = wrapper.framework; path = PluginChartboost.framework; sourceTree = SOURCE_ROOT; };
		D44C620B132DFF330009C878 /* OpenAL.framework */ = {isa = PBXFileReference; lastKnownFileType = wrapper.framework; name = OpenAL.framework; path = System/Library/Frameworks/OpenAL.framework; sourceTree = SDKROOT; };
		D44C620D132DFF430009C878 /* AVFoundation.framework */ = {isa = PBXFileReference; lastKnownFileType = wrapper.framework; name = AVFoundation.framework; path = System/Library/Frameworks/AVFoundation.framework; sourceTree = SDKROOT; };
		D44C620F132DFF4E0009C878 /* AudioToolbox.framework */ = {isa = PBXFileReference; lastKnownFileType = wrapper.framework; name = AudioToolbox.framework; path = System/Library/Frameworks/AudioToolbox.framework; sourceTree = SDKROOT; };
		D6B0611A1803AB670077942B /* CoreMotion.framework */ = {isa = PBXFileReference; lastKnownFileType = wrapper.framework; name = CoreMotion.framework; path = Platforms/iPhoneOS.platform/Developer/SDKs/iPhoneOS7.0.sdk/System/Library/Frameworks/CoreMotion.framework; sourceTree = DEVELOPER_DIR; };
		D9E14923A3FB1734445C380A /* Chartboost.framework */ = {isa = PBXFileReference; lastKnownFileType = wrapper.framework; path = Chartboost.framework; sourceTree = SOURCE_ROOT; };
		DD0E441CA891805BCDF81F27 /* libcocos2d Mac.a */ = {isa = PBXFileReference; lastKnownFileType = archive.ar; name = "libcocos2d Mac.a"; path = "../../cocos2d-x-3.6-lib/prebuilt/mac/libcocos2d Mac.a"; sourceTree = "<absolute>"; };
		F6D54C77B5340CBCF43101CD /* GameController.framework */ = {isa = PBXFileReference; lastKnownFileType = wrapper.framework; name = GameController.framework; path = Platforms/iPhoneOS.platform/Developer/SDKs/iPhoneOS.sdk/System/Library/Frameworks/GameController.framework; sourceTree = DEVELOPER_DIR; };
		FA514E1887B22EEFF5EBCCA3 /* libz.1.2.5.dylib */ = {isa = PBXFileReference; lastKnownFileType = "compiled.mach-o.dylib"; name = libz.1.2.5.dylib; path = Platforms/iPhoneOS.platform/Developer/SDKs/iPhoneOS.sdk/usr/lib/libz.1.2.5.dylib; sourceTree = DEVELOPER_DIR; };
		FA8E4F19B9B8849EA6FA1023 /* CFNetwork.framework */ = {isa = PBXFileReference; lastKnownFileType = wrapper.framework; name = CFNetwork.framework; path = Platforms/iPhoneOS.platform/Developer/SDKs/iPhoneOS.sdk/System/Library/Frameworks/CFNetwork.framework; sourceTree = DEVELOPER_DIR; };
/* End PBXFileReference section */

/* Begin PBXFrameworksBuildPhase section */
		1D60588F0D05DD3D006BFB54 /* Frameworks */ = {
			isa = PBXFrameworksBuildPhase;
			buildActionMask = 2147483647;
			files = (
				52B47A471A53D09C004E4C60 /* Security.framework in Frameworks */,
				D6B0611B1803AB670077942B /* CoreMotion.framework in Frameworks */,
				1D60589F0D05DD5A006BFB54 /* Foundation.framework in Frameworks */,
				1DF5F4E00D08C38300B7A737 /* UIKit.framework in Frameworks */,
				288765A50DF7441C002DB57D /* CoreGraphics.framework in Frameworks */,
				BF171245129291EC00B8313A /* OpenGLES.framework in Frameworks */,
				BF1712471292920000B8313A /* libz.dylib in Frameworks */,
				BF1C47F01293687400B63C5D /* QuartzCore.framework in Frameworks */,
				D44C620C132DFF330009C878 /* OpenAL.framework in Frameworks */,
				D44C620E132DFF430009C878 /* AVFoundation.framework in Frameworks */,
				D44C6210132DFF4E0009C878 /* AudioToolbox.framework in Frameworks */,
				1E2446B7A999BED52744973F /* libcocos2d iOS.a in Frameworks */,
				A4904012AF58EE9402A64D1A /* sdkbox.framework in Frameworks */,
				10F3408D93E2912661C721D3 /* PluginFyber.framework in Frameworks */,
				B5E045869987CEC536E1AE98 /* AdSupport.framework in Frameworks */,
				7CAA44A4828CA1B0E56A9A3D /* CoreLocation.framework in Frameworks */,
				BF0E4A8FBDA4099A589F9621 /* CoreTelephony.framework in Frameworks */,
				0F31474BB83A8678F6280BF2 /* MediaPlayer.framework in Frameworks */,
				0F734CC69ED875A91E34C1FA /* StoreKit.framework in Frameworks */,
				786C4231878609CF6094EBED /* SystemConfiguration.framework in Frameworks */,
				22454EF0A5C00F928A7EE3C6 /* CFNetwork.framework in Frameworks */,
				B0E84CEF9BB0FC7CA4A0DFEA /* PluginVungle.framework in Frameworks */,
				1A3542FA97BE907DAB56C60D /* VungleSDK.framework in Frameworks */,
				94BD4E039203CBCC5060909B /* CoreMedia.framework in Frameworks */,
				58254EFE957754D9762ED448 /* libsqlite3.dylib in Frameworks */,
				2F6B47DB8660B2DCF65B7ACB /* WebKit.framework in Frameworks */,
				6307484C93E5EA549694DD2C /* GameController.framework in Frameworks */,
				45FD4179B30A04BEC45719D7 /* PluginAdColony.framework in Frameworks */,
				C5EE4F6B8D51BFA36ED3018C /* AdColony.framework in Frameworks */,
				0C40409B992FE67334F91019 /* libz.1.2.5.dylib in Frameworks */,
				F9EE4EC28A142EE6D4580F1B /* EventKit.framework in Frameworks */,
				771445C1B0589BD2D0CB9721 /* EventKitUI.framework in Frameworks */,
				5AF14DCEA73CA4146D0A81F0 /* MessageUI.framework in Frameworks */,
				9B4741E5B4C2AEE76ED5E5A6 /* Social.framework in Frameworks */,
				858D4A7FA456C815411307A8 /* PluginChartboost.framework in Frameworks */,
				271D411F8DEBB3C70DD9BF8E /* Chartboost.framework in Frameworks */,
			);
			runOnlyForDeploymentPostprocessing = 0;
		};
		5087E75C17EB910900C73F5D /* Frameworks */ = {
			isa = PBXFrameworksBuildPhase;
			buildActionMask = 2147483647;
			files = (
				5087E76717EB910900C73F5D /* libz.dylib in Frameworks */,
				8262943E1AAF051F00CB7CF7 /* Security.framework in Frameworks */,
				503AE11B17EB9C5A00D1A890 /* IOKit.framework in Frameworks */,
				5087E78B17EB975400C73F5D /* OpenGL.framework in Frameworks */,
				5087E78917EB974C00C73F5D /* AppKit.framework in Frameworks */,
				5087E76317EB910900C73F5D /* Foundation.framework in Frameworks */,
				5087E76817EB910900C73F5D /* QuartzCore.framework in Frameworks */,
				5087E76917EB910900C73F5D /* OpenAL.framework in Frameworks */,
				5087E76A17EB910900C73F5D /* AVFoundation.framework in Frameworks */,
				5087E76B17EB910900C73F5D /* AudioToolbox.framework in Frameworks */,
				A0E0446CBD24C3315D268DFA /* libcocos2d Mac.a in Frameworks */,
				5921480EAF435D5BF9717D8C /* sdkbox.framework in Frameworks */,
				9D2B4DD28DBBB2AF20A1B547 /* PluginFyber.framework in Frameworks */,
				CED446779E247528A27EE167 /* AdSupport.framework in Frameworks */,
				74BD4186BD11A35D636CFB4A /* CoreLocation.framework in Frameworks */,
				24C54017B9FDAAEAC3002C30 /* CoreTelephony.framework in Frameworks */,
				937448DE984E1725477D36A3 /* MediaPlayer.framework in Frameworks */,
				3E0B4B6FBD08E8338E1BFD87 /* StoreKit.framework in Frameworks */,
				0594480A81092D49B1EAED97 /* SystemConfiguration.framework in Frameworks */,
				675148DD9DF0098DC22AECDD /* CFNetwork.framework in Frameworks */,
				3EC2453DA798B73C50FB81E6 /* PluginVungle.framework in Frameworks */,
				D76D41D4B05DF635223CDF73 /* VungleSDK.framework in Frameworks */,
				6B7C4439AC2500E36F064B31 /* CoreMedia.framework in Frameworks */,
				E90A4ED3B0271F380C4F3DA3 /* libsqlite3.dylib in Frameworks */,
				322241F2AA038BA26C485118 /* WebKit.framework in Frameworks */,
				534E42A092F7CD3E29C5BABB /* GameController.framework in Frameworks */,
				2C504F0EB2A284A451C89968 /* PluginAdColony.framework in Frameworks */,
				460A411B8519E3BCCCF17747 /* AdColony.framework in Frameworks */,
				D30246AF948D01A8F3F42BA4 /* libz.1.2.5.dylib in Frameworks */,
				D421448E8A3A5C91D6C6E1E7 /* EventKit.framework in Frameworks */,
				DDD34B3983BC9D36171D3FE2 /* EventKitUI.framework in Frameworks */,
				0C0D4B5D8A9B36A6AEE98F5C /* MessageUI.framework in Frameworks */,
				540C4FE4BC2BD7528692A376 /* Social.framework in Frameworks */,
				9BB34FEBA33B064E411886E9 /* PluginChartboost.framework in Frameworks */,
				8A8B4C979DD3CCD87C6EE1A5 /* Chartboost.framework in Frameworks */,
			);
			runOnlyForDeploymentPostprocessing = 0;
		};
/* End PBXFrameworksBuildPhase section */

/* Begin PBXGroup section */
		080E96DDFE201D6D7F000001 /* ios */ = {
			isa = PBXGroup;
			children = (
				5087E77117EB970100C73F5D /* Icons */,
				503AE0FA17EB989F00D1A890 /* AppController.h */,
				503AE0FB17EB989F00D1A890 /* AppController.mm */,
				503AE0FC17EB989F00D1A890 /* main.m */,
				503AE0FD17EB989F00D1A890 /* Prefix.pch */,
				503AE0FE17EB989F00D1A890 /* RootViewController.h */,
				503AE0FF17EB989F00D1A890 /* RootViewController.mm */,
			);
			name = ios;
			path = Classes;
			sourceTree = "<group>";
		};
		19C28FACFE9D520D11CA2CBB /* Products */ = {
			isa = PBXGroup;
			children = (
				1D6058910D05DD3D006BFB54 /* cpp iOS.app */,
				5087E76F17EB910900C73F5D /* cpp Mac.app */,
			);
			name = Products;
			sourceTree = "<group>";
		};
		29B97314FDCFA39411CA2CEA /* CustomTemplate */ = {
			isa = PBXGroup;
			children = (
				46880B8319C43A87006E1F66 /* Classes */,
				46880B7519C43A67006E1F66 /* Resources */,
				29B97323FDCFA39411CA2CEA /* Frameworks */,
				080E96DDFE201D6D7F000001 /* ios */,
				503AE10617EB990700D1A890 /* mac */,
				19C28FACFE9D520D11CA2CBB /* Products */,
				94494B8BB85AD53FD05907EA /* ios-libs */,
				3D5C45BEA8B469EAAB44A830 /* mac-libs */,
			);
			name = CustomTemplate;
			sourceTree = "<group>";
		};
		29B97323FDCFA39411CA2CEA /* Frameworks */ = {
			isa = PBXGroup;
			children = (
				8262943D1AAF051F00CB7CF7 /* Security.framework */,
				52B47A461A53D09B004E4C60 /* Security.framework */,
				D6B0611A1803AB670077942B /* CoreMotion.framework */,
				503AE11A17EB9C5A00D1A890 /* IOKit.framework */,
				503AE11117EB99EE00D1A890 /* libcurl.dylib */,
				5087E78A17EB975400C73F5D /* OpenGL.framework */,
				5087E78817EB974C00C73F5D /* AppKit.framework */,
				1ACB3243164770DE00914215 /* libcurl.a */,
				BF170DB412928DE900B8313A /* libz.dylib */,
				D44C620F132DFF4E0009C878 /* AudioToolbox.framework */,
				D44C620D132DFF430009C878 /* AVFoundation.framework */,
				288765A40DF7441C002DB57D /* CoreGraphics.framework */,
				1D30AB110D05D00D00671497 /* Foundation.framework */,
				D44C620B132DFF330009C878 /* OpenAL.framework */,
				BF170DB012928DE900B8313A /* OpenGLES.framework */,
				BF1C47EA1293683800B63C5D /* QuartzCore.framework */,
				1DF5F4DF0D08C38300B7A737 /* UIKit.framework */,
				3C85468F888EE0965586AA3F /* sdkbox.framework */,
				61A24995AB0997EDBA885CC1 /* PluginFyber.framework */,
				146B4F9792E15C0B68908A87 /* AdSupport.framework */,
				92354C5E8C2CC52E842BBC03 /* CoreLocation.framework */,
				89A940F1B310FA3BA8C0F053 /* CoreTelephony.framework */,
				B6164CB084C9194A8493EDDD /* MediaPlayer.framework */,
				49254A629C3456093D9B1480 /* StoreKit.framework */,
				C87D45A595E89E2FFD8567D0 /* SystemConfiguration.framework */,
				FA8E4F19B9B8849EA6FA1023 /* CFNetwork.framework */,
				4D4349B6BC839A68A0026236 /* PluginVungle.framework */,
				6C2C4DA2AD1951DCEDFC2E8A /* VungleSDK.framework */,
				2F6044E5AB63830E34F934EE /* CoreMedia.framework */,
				4047436B93E822FC9B1CE519 /* libsqlite3.dylib */,
				9000478DA106716E867F4F44 /* WebKit.framework */,
				F6D54C77B5340CBCF43101CD /* GameController.framework */,
				C52441E9B627270E17AC558E /* PluginAdColony.framework */,
				5A8441BA8F9DBD17322A3327 /* AdColony.framework */,
				FA514E1887B22EEFF5EBCCA3 /* libz.1.2.5.dylib */,
				244E447BB12FDDF720549939 /* EventKit.framework */,
				B7414B1EBAA04768847267B7 /* EventKitUI.framework */,
				2AA04057A022EE5A96B4D581 /* MessageUI.framework */,
				37AD43A2B6187B5BCC7376C5 /* Social.framework */,
				D262418EB416A6A3E02F555A /* PluginChartboost.framework */,
				D9E14923A3FB1734445C380A /* Chartboost.framework */,
			);
			name = Frameworks;
			sourceTree = "<group>";
		};
		3D5C45BEA8B469EAAB44A830 /* mac-libs */ = {
			isa = PBXGroup;
			children = (
				DD0E441CA891805BCDF81F27 /* libcocos2d Mac.a */,
			);
			name = "mac-libs";
			sourceTree = "<group>";
		};
		46880B7519C43A67006E1F66 /* Resources */ = {
			isa = PBXGroup;
			children = (
				9FC790331BABED030019C2C9 /* sdkbox_config.json */,
			);
			name = Resources;
			path = ../Resources;
			sourceTree = "<group>";
		};
		46880B8319C43A87006E1F66 /* Classes */ = {
			isa = PBXGroup;
			children = (
				46880B8419C43A87006E1F66 /* AppDelegate.cpp */,
				46880B8519C43A87006E1F66 /* AppDelegate.h */,
				46880B8619C43A87006E1F66 /* HelloWorldScene.cpp */,
				46880B8719C43A87006E1F66 /* HelloWorldScene.h */,
			);
			name = Classes;
			path = ../Classes;
			sourceTree = "<group>";
		};
		503AE0F517EB97AB00D1A890 /* Icons */ = {
			isa = PBXGroup;
			children = (
				503AE0F617EB97AB00D1A890 /* Icon.icns */,
				503AE0F717EB97AB00D1A890 /* Info.plist */,
			);
			name = Icons;
			path = mac;
			sourceTree = SOURCE_ROOT;
		};
		503AE10617EB990700D1A890 /* mac */ = {
			isa = PBXGroup;
			children = (
				503AE0F517EB97AB00D1A890 /* Icons */,
				503AE10317EB98FF00D1A890 /* main.cpp */,
				503AE10417EB98FF00D1A890 /* Prefix.pch */,
			);
			name = mac;
			sourceTree = "<group>";
		};
		5087E77117EB970100C73F5D /* Icons */ = {
			isa = PBXGroup;
			children = (
				521A8E6219F0C34300D177D7 /* Default-667h@2x.png */,
				521A8E6319F0C34300D177D7 /* Default-736h@3x.png */,
				5087E77217EB970100C73F5D /* Default-568h@2x.png */,
				5087E77317EB970100C73F5D /* Default.png */,
				5087E77417EB970100C73F5D /* Default@2x.png */,
				50EF62A017ECD613001EB2F8 /* Icon-29.png */,
				50EF62A117ECD613001EB2F8 /* Icon-50.png */,
				50EF629217ECD46A001EB2F8 /* Icon-40.png */,
				50EF629317ECD46A001EB2F8 /* Icon-58.png */,
				50EF629417ECD46A001EB2F8 /* Icon-80.png */,
				50EF629517ECD46A001EB2F8 /* Icon-100.png */,
				5087E77517EB970100C73F5D /* Icon-114.png */,
				5087E77617EB970100C73F5D /* Icon-120.png */,
				5087E77717EB970100C73F5D /* Icon-144.png */,
				5087E77817EB970100C73F5D /* Icon-152.png */,
				5087E77917EB970100C73F5D /* Icon-57.png */,
				5087E77A17EB970100C73F5D /* Icon-72.png */,
				5087E77B17EB970100C73F5D /* Icon-76.png */,
				5087E77C17EB970100C73F5D /* Info.plist */,
			);
			name = Icons;
			path = ios;
			sourceTree = SOURCE_ROOT;
		};
		94494B8BB85AD53FD05907EA /* ios-libs */ = {
			isa = PBXGroup;
			children = (
				BCD74A149DC46B8ADD65DD04 /* libcocos2d iOS.a */,
			);
			name = "ios-libs";
			sourceTree = "<group>";
		};
/* End PBXGroup section */

/* Begin PBXNativeTarget section */
		1D6058900D05DD3D006BFB54 /* cpp iOS */ = {
			isa = PBXNativeTarget;
			buildConfigurationList = 1D6058960D05DD3E006BFB54 /* Build configuration list for PBXNativeTarget "cpp iOS" */;
			buildPhases = (
				1D60588D0D05DD3D006BFB54 /* Resources */,
				1D60588E0D05DD3D006BFB54 /* Sources */,
				1D60588F0D05DD3D006BFB54 /* Frameworks */,
			);
			buildRules = (
			);
			dependencies = (
			);
			name = "cpp iOS";
			productName = iphone;
			productReference = 1D6058910D05DD3D006BFB54 /* cpp iOS.app */;
			productType = "com.apple.product-type.application";
		};
		5087E73D17EB910900C73F5D /* cpp Mac */ = {
			isa = PBXNativeTarget;
			buildConfigurationList = 5087E76C17EB910900C73F5D /* Build configuration list for PBXNativeTarget "cpp Mac" */;
			buildPhases = (
				5087E74817EB910900C73F5D /* Resources */,
				5087E75617EB910900C73F5D /* Sources */,
				5087E75C17EB910900C73F5D /* Frameworks */,
			);
			buildRules = (
			);
			dependencies = (
			);
			name = "cpp Mac";
			productName = iphone;
			productReference = 5087E76F17EB910900C73F5D /* cpp Mac.app */;
			productType = "com.apple.product-type.application";
		};
/* End PBXNativeTarget section */

/* Begin PBXProject section */
		29B97313FDCFA39411CA2CEA /* Project object */ = {
			isa = PBXProject;
			attributes = {
				LastUpgradeCheck = 0500;
				TargetAttributes = {
					1D6058900D05DD3D006BFB54 = {
						DevelopmentTeam = MDDB52YB8L;
					};
				};
			};
			buildConfigurationList = C01FCF4E08A954540054247B /* Build configuration list for PBXProject "cpp" */;
			compatibilityVersion = "Xcode 3.2";
			developmentRegion = English;
			hasScannedForEncodings = 1;
			knownRegions = (
				English,
				Japanese,
				French,
				German,
			);
			mainGroup = 29B97314FDCFA39411CA2CEA /* CustomTemplate */;
			projectDirPath = "";
			projectRoot = "";
			targets = (
				1D6058900D05DD3D006BFB54 /* cpp iOS */,
				5087E73D17EB910900C73F5D /* cpp Mac */,
			);
		};
/* End PBXProject section */

/* Begin PBXResourcesBuildPhase section */
		1D60588D0D05DD3D006BFB54 /* Resources */ = {
			isa = PBXResourcesBuildPhase;
			buildActionMask = 2147483647;
			files = (
				5087E78117EB970100C73F5D /* Icon-120.png in Resources */,
				5087E78617EB970100C73F5D /* Icon-76.png in Resources */,
				5087E77F17EB970100C73F5D /* Default@2x.png in Resources */,
				50EF629917ECD46A001EB2F8 /* Icon-100.png in Resources */,
				5087E78317EB970100C73F5D /* Icon-152.png in Resources */,
				5087E77D17EB970100C73F5D /* Default-568h@2x.png in Resources */,
				5087E78517EB970100C73F5D /* Icon-72.png in Resources */,
				521A8E6519F0C34300D177D7 /* Default-736h@3x.png in Resources */,
				50EF62A317ECD613001EB2F8 /* Icon-50.png in Resources */,
				5087E78017EB970100C73F5D /* Icon-114.png in Resources */,
				50EF62A217ECD613001EB2F8 /* Icon-29.png in Resources */,
				50EF629617ECD46A001EB2F8 /* Icon-40.png in Resources */,
				5087E78217EB970100C73F5D /* Icon-144.png in Resources */,
				50EF629817ECD46A001EB2F8 /* Icon-80.png in Resources */,
				5087E78417EB970100C73F5D /* Icon-57.png in Resources */,
				5087E77E17EB970100C73F5D /* Default.png in Resources */,
				521A8E6419F0C34300D177D7 /* Default-667h@2x.png in Resources */,
				50EF629717ECD46A001EB2F8 /* Icon-58.png in Resources */,
				9FC790341BABED030019C2C9 /* sdkbox_config.json in Resources */,
			);
			runOnlyForDeploymentPostprocessing = 0;
		};
		5087E74817EB910900C73F5D /* Resources */ = {
			isa = PBXResourcesBuildPhase;
			buildActionMask = 2147483647;
			files = (
				503AE0F817EB97AB00D1A890 /* Icon.icns in Resources */,
			);
			runOnlyForDeploymentPostprocessing = 0;
		};
/* End PBXResourcesBuildPhase section */

/* Begin PBXSourcesBuildPhase section */
		1D60588E0D05DD3D006BFB54 /* Sources */ = {
			isa = PBXSourcesBuildPhase;
			buildActionMask = 2147483647;
			files = (
				46880B8819C43A87006E1F66 /* AppDelegate.cpp in Sources */,
				46880B8A19C43A87006E1F66 /* HelloWorldScene.cpp in Sources */,
				503AE10017EB989F00D1A890 /* AppController.mm in Sources */,
				503AE10217EB989F00D1A890 /* RootViewController.mm in Sources */,
				503AE10117EB989F00D1A890 /* main.m in Sources */,
			);
			runOnlyForDeploymentPostprocessing = 0;
		};
		5087E75617EB910900C73F5D /* Sources */ = {
			isa = PBXSourcesBuildPhase;
			buildActionMask = 2147483647;
			files = (
				46880B8919C43A87006E1F66 /* AppDelegate.cpp in Sources */,
				503AE10517EB98FF00D1A890 /* main.cpp in Sources */,
				46880B8B19C43A87006E1F66 /* HelloWorldScene.cpp in Sources */,
			);
			runOnlyForDeploymentPostprocessing = 0;
		};
/* End PBXSourcesBuildPhase section */

/* Begin XCBuildConfiguration section */
		1D6058940D05DD3E006BFB54 /* Debug */ = {
			isa = XCBuildConfiguration;
			buildSettings = {
				ALWAYS_SEARCH_USER_PATHS = YES;
				CODE_SIGN_IDENTITY = "iPhone Developer";
				COMPRESS_PNG_FILES = NO;
				FRAMEWORK_SEARCH_PATHS = (
					"\"${SRCROOT}\"",
					"\"/Users/niteluo/Projects/test/cocos/sdkbox-fyber-sample/cpp/proj.ios_mac/\"",
				);
				GCC_DYNAMIC_NO_PIC = NO;
				GCC_INLINES_ARE_PRIVATE_EXTERN = NO;
				GCC_PRECOMPILE_PREFIX_HEADER = YES;
				GCC_PREFIX_HEADER = ios/Prefix.pch;
				GCC_PREPROCESSOR_DEFINITIONS = (
					USE_FILE32API,
					CC_TARGET_OS_IPHONE,
					"COCOS2D_DEBUG=1",
					"CC_ENABLE_CHIPMUNK_INTEGRATION=1",
				);
				GCC_SYMBOLS_PRIVATE_EXTERN = NO;
				HEADER_SEARCH_PATHS = (
					"$(inherited)",
					"../../cocos2d-x-3.6-lib/cocos/platform/ios",
					"../../cocos2d-x-3.6-lib/cocos/platform/ios/Simulation",
				);
				INFOPLIST_FILE = ios/Info.plist;
				IPHONEOS_DEPLOYMENT_TARGET = 6.0;
				LIBRARY_SEARCH_PATHS = (
					"../../cocos2d-x-3.6-lib/prebuilt/ios",
					"\"sdkbox.framework\"",
					"\"PluginFyber.framework\"",
					"\"PluginVungle.framework\"",
					"\"VungleSDK.framework\"",
					"\"PluginAdColony.framework\"",
					"\"AdColony.framework\"",
					"\"PluginChartboost.framework\"",
					"\"Chartboost.framework\"",
				);
				OTHER_LDFLAGS = (
					"$(_COCOS_LIB_IOS_BEGIN)",
					"$(_COCOS_LIB_IOS_END)",
					"-ObjC",
					"-fobjc-arc",
				);
				PRODUCT_BUNDLE_IDENTIFIER = org.cocos2dx.Fyber;
				SDKROOT = iphoneos;
				TARGETED_DEVICE_FAMILY = "1,2";
				USER_HEADER_SEARCH_PATHS = "$(_COCOS_HEADER_IOS_BEGIN) $(_COCOS_HEADER_IOS_END)";
				VALID_ARCHS = "arm64 armv7";
			};
			name = Debug;
		};
		1D6058950D05DD3E006BFB54 /* Release */ = {
			isa = XCBuildConfiguration;
			buildSettings = {
				ALWAYS_SEARCH_USER_PATHS = YES;
				CODE_SIGN_IDENTITY = "iPhone Developer";
				COMPRESS_PNG_FILES = NO;
				FRAMEWORK_SEARCH_PATHS = (
					"\"${SRCROOT}\"",
					"\"/Users/niteluo/Projects/test/cocos/sdkbox-fyber-sample/cpp/proj.ios_mac/\"",
				);
				GCC_INLINES_ARE_PRIVATE_EXTERN = NO;
				GCC_PRECOMPILE_PREFIX_HEADER = YES;
				GCC_PREFIX_HEADER = ios/Prefix.pch;
				GCC_PREPROCESSOR_DEFINITIONS = (
					USE_FILE32API,
					CC_TARGET_OS_IPHONE,
					"CC_ENABLE_CHIPMUNK_INTEGRATION=1",
				);
				GCC_SYMBOLS_PRIVATE_EXTERN = NO;
				HEADER_SEARCH_PATHS = (
					"$(inherited)",
					"../../cocos2d-x-3.6-lib/cocos/platform/ios",
					"../../cocos2d-x-3.6-lib/cocos/platform/ios/Simulation",
				);
				INFOPLIST_FILE = ios/Info.plist;
				IPHONEOS_DEPLOYMENT_TARGET = 6.0;
				LIBRARY_SEARCH_PATHS = (
					"../../cocos2d-x-3.6-lib/prebuilt/ios",
					"\"sdkbox.framework\"",
					"\"PluginFyber.framework\"",
					"\"PluginVungle.framework\"",
					"\"VungleSDK.framework\"",
					"\"PluginAdColony.framework\"",
					"\"AdColony.framework\"",
					"\"PluginChartboost.framework\"",
					"\"Chartboost.framework\"",
				);
				OTHER_LDFLAGS = (
					"$(_COCOS_LIB_IOS_BEGIN)",
					"$(_COCOS_LIB_IOS_END)",
					"-ObjC",
					"-fobjc-arc",
				);
				PRODUCT_BUNDLE_IDENTIFIER = org.cocos2dx.Fyber;
				SDKROOT = iphoneos;
				TARGETED_DEVICE_FAMILY = "1,2";
				USER_HEADER_SEARCH_PATHS = "$(_COCOS_HEADER_IOS_BEGIN) $(_COCOS_HEADER_IOS_END)";
				VALID_ARCHS = "arm64 armv7";
			};
			name = Release;
		};
		5087E76D17EB910900C73F5D /* Debug */ = {
			isa = XCBuildConfiguration;
			buildSettings = {
				ALWAYS_SEARCH_USER_PATHS = YES;
				ARCHS = "$(ARCHS_STANDARD_64_BIT)";
				CLANG_CXX_LANGUAGE_STANDARD = "c++0x";
				CLANG_CXX_LIBRARY = "libc++";
				FRAMEWORK_SEARCH_PATHS = (
					"$(SRCROOT)",
					"\"/Users/niteluo/Projects/test/cocos/sdkbox-fyber-sample/cpp/proj.ios_mac/\"",
				);
				GCC_DYNAMIC_NO_PIC = NO;
				GCC_INLINES_ARE_PRIVATE_EXTERN = NO;
				GCC_PRECOMPILE_PREFIX_HEADER = YES;
				GCC_PREFIX_HEADER = mac/Prefix.pch;
				GCC_PREPROCESSOR_DEFINITIONS = (
					USE_FILE32API,
					CC_TARGET_OS_MAC,
					"COCOS2D_DEBUG=1",
					"CC_ENABLE_CHIPMUNK_INTEGRATION=1",
				);
				GCC_SYMBOLS_PRIVATE_EXTERN = NO;
				HEADER_SEARCH_PATHS = (
					"$(inherited)",
					"../../cocos2d-x-3.6-lib/cocos/platform/mac",
					"../../cocos2d-x-3.6-lib/external/glfw3/include/mac",
				);
				INFOPLIST_FILE = mac/Info.plist;
				LIBRARY_SEARCH_PATHS = (
					"../../cocos2d-x-3.6-lib/prebuilt/mac",
					"\"sdkbox.framework\"",
					"\"PluginFyber.framework\"",
					"\"PluginVungle.framework\"",
					"\"VungleSDK.framework\"",
					"\"PluginAdColony.framework\"",
					"\"AdColony.framework\"",
					"\"PluginChartboost.framework\"",
					"\"Chartboost.framework\"",
				);
				OTHER_LDFLAGS = (
					"$(_COCOS_LIB_MAC_BEGIN)",
					"$(_COCOS_LIB_MAC_END)",
					"-force_load",
					PluginFyber.framework/PluginFyber,
					"-force_load",
					PluginFyber.framework/PluginFyber,
					"-ObjC",
					"-fobjc-arc",
					"-force_load",
					AdColony.framework/AdColony,
				);
				USER_HEADER_SEARCH_PATHS = "$(_COCOS_HEADER_MAC_BEGIN) $(_COCOS_HEADER_MAC_END)";
			};
			name = Debug;
		};
		5087E76E17EB910900C73F5D /* Release */ = {
			isa = XCBuildConfiguration;
			buildSettings = {
				ALWAYS_SEARCH_USER_PATHS = YES;
				ARCHS = "$(ARCHS_STANDARD_64_BIT)";
				CLANG_CXX_LANGUAGE_STANDARD = "c++0x";
				CLANG_CXX_LIBRARY = "libc++";
				FRAMEWORK_SEARCH_PATHS = (
					"$(SRCROOT)",
					"\"/Users/niteluo/Projects/test/cocos/sdkbox-fyber-sample/cpp/proj.ios_mac/\"",
				);
				GCC_INLINES_ARE_PRIVATE_EXTERN = NO;
				GCC_PRECOMPILE_PREFIX_HEADER = YES;
				GCC_PREFIX_HEADER = mac/Prefix.pch;
				GCC_PREPROCESSOR_DEFINITIONS = (
					USE_FILE32API,
					CC_TARGET_OS_MAC,
					"CC_ENABLE_CHIPMUNK_INTEGRATION=1",
				);
				GCC_SYMBOLS_PRIVATE_EXTERN = NO;
				HEADER_SEARCH_PATHS = (
					"$(inherited)",
					"../../cocos2d-x-3.6-lib/cocos/platform/mac",
					"../../cocos2d-x-3.6-lib/external/glfw3/include/mac",
				);
				INFOPLIST_FILE = mac/Info.plist;
				LIBRARY_SEARCH_PATHS = (
					"../../cocos2d-x-3.6-lib/prebuilt/mac",
					"\"sdkbox.framework\"",
					"\"PluginFyber.framework\"",
					"\"PluginVungle.framework\"",
					"\"VungleSDK.framework\"",
					"\"PluginAdColony.framework\"",
					"\"AdColony.framework\"",
					"\"PluginChartboost.framework\"",
					"\"Chartboost.framework\"",
				);
				OTHER_LDFLAGS = (
					"$(_COCOS_LIB_MAC_BEGIN)",
					"$(_COCOS_LIB_MAC_END)",
					"-force_load",
					PluginFyber.framework/PluginFyber,
					"-force_load",
					PluginFyber.framework/PluginFyber,
					"-ObjC",
					"-fobjc-arc",
					"-force_load",
					AdColony.framework/AdColony,
				);
				USER_HEADER_SEARCH_PATHS = "$(_COCOS_HEADER_MAC_BEGIN) $(_COCOS_HEADER_MAC_END)";
			};
			name = Release;
		};
		C01FCF4F08A954540054247B /* Debug */ = {
			isa = XCBuildConfiguration;
			buildSettings = {
				CLANG_CXX_LANGUAGE_STANDARD = "c++0x";
				CLANG_CXX_LIBRARY = "libc++";
				COPY_PHASE_STRIP = NO;
				FRAMEWORK_SEARCH_PATHS = (
					"$(SRCROOT)",
					"\"/Users/niteluo/Projects/test/cocos/sdkbox-fyber-sample/cpp/proj.ios_mac/\"",
				);
				GCC_OPTIMIZATION_LEVEL = 0;
				GCC_WARN_ABOUT_RETURN_TYPE = YES;
				GCC_WARN_UNUSED_VARIABLE = YES;
				HEADER_SEARCH_PATHS = (
					"../../cocos2d-x-3.6-lib",
					"../../cocos2d-x-3.6-lib/cocos",
					"../../cocos2d-x-3.6-lib/cocos/base",
					"../../cocos2d-x-3.6-lib/cocos/physics",
					"../../cocos2d-x-3.6-lib/cocos/math",
					"../../cocos2d-x-3.6-lib/cocos/2d",
					"../../cocos2d-x-3.6-lib/cocos/ui",
					"../../cocos2d-x-3.6-lib/cocos/network",
					"../../cocos2d-x-3.6-lib/cocos/audio/include",
					"../../cocos2d-x-3.6-lib/cocos/editor-support",
					"../../cocos2d-x-3.6-lib/extensions",
					"../../cocos2d-x-3.6-lib/external",
					"../../cocos2d-x-3.6-lib/external/chipmunk/include/chipmunk",
				);
				LIBRARY_SEARCH_PATHS = (
					"\"sdkbox.framework\"",
					"\"PluginFyber.framework\"",
					"\"PluginVungle.framework\"",
					"\"VungleSDK.framework\"",
					"\"PluginAdColony.framework\"",
					"\"AdColony.framework\"",
					"\"PluginChartboost.framework\"",
					"\"Chartboost.framework\"",
				);
				MACOSX_DEPLOYMENT_TARGET = 10.7;
				ONLY_ACTIVE_ARCH = YES;
				OTHER_LDFLAGS = (
					"-force_load",
					PluginFyber.framework/PluginFyber,
					"-force_load",
					PluginFyber.framework/PluginFyber,
					"-ObjC",
					"-fobjc-arc",
					"-force_load",
					AdColony.framework/AdColony,
				);
				PRODUCT_NAME = "$(TARGET_NAME)";
				SDKROOT = macosx;
			};
			name = Debug;
		};
		C01FCF5008A954540054247B /* Release */ = {
			isa = XCBuildConfiguration;
			buildSettings = {
				CLANG_CXX_LANGUAGE_STANDARD = "c++0x";
				CLANG_CXX_LIBRARY = "libc++";
				FRAMEWORK_SEARCH_PATHS = (
					"$(SRCROOT)",
					"\"/Users/niteluo/Projects/test/cocos/sdkbox-fyber-sample/cpp/proj.ios_mac/\"",
				);
				GCC_WARN_ABOUT_RETURN_TYPE = YES;
				GCC_WARN_UNUSED_VARIABLE = YES;
				HEADER_SEARCH_PATHS = (
					"../../cocos2d-x-3.6-lib",
					"../../cocos2d-x-3.6-lib/cocos",
					"../../cocos2d-x-3.6-lib/cocos/base",
					"../../cocos2d-x-3.6-lib/cocos/physics",
					"../../cocos2d-x-3.6-lib/cocos/math",
					"../../cocos2d-x-3.6-lib/cocos/2d",
					"../../cocos2d-x-3.6-lib/cocos/ui",
					"../../cocos2d-x-3.6-lib/cocos/network",
					"../../cocos2d-x-3.6-lib/cocos/audio/include",
					"../../cocos2d-x-3.6-lib/cocos/editor-support",
					"../../cocos2d-x-3.6-lib/extensions",
					"../../cocos2d-x-3.6-lib/external",
					"../../cocos2d-x-3.6-lib/external/chipmunk/include/chipmunk",
				);
				LIBRARY_SEARCH_PATHS = (
					"\"sdkbox.framework\"",
					"\"PluginFyber.framework\"",
					"\"PluginVungle.framework\"",
					"\"VungleSDK.framework\"",
					"\"PluginAdColony.framework\"",
					"\"AdColony.framework\"",
					"\"PluginChartboost.framework\"",
					"\"Chartboost.framework\"",
				);
				MACOSX_DEPLOYMENT_TARGET = 10.7;
				OTHER_CFLAGS = "-DNS_BLOCK_ASSERTIONS=1";
				OTHER_LDFLAGS = (
					"-force_load",
					PluginFyber.framework/PluginFyber,
					"-force_load",
					PluginFyber.framework/PluginFyber,
					"-ObjC",
					"-fobjc-arc",
					"-force_load",
					AdColony.framework/AdColony,
				);
				PRODUCT_NAME = "$(TARGET_NAME)";
				SDKROOT = macosx;
				VALIDATE_PRODUCT = YES;
			};
			name = Release;
		};
/* End XCBuildConfiguration section */

/* Begin XCConfigurationList section */
		1D6058960D05DD3E006BFB54 /* Build configuration list for PBXNativeTarget "cpp iOS" */ = {
			isa = XCConfigurationList;
			buildConfigurations = (
				1D6058940D05DD3E006BFB54 /* Debug */,
				1D6058950D05DD3E006BFB54 /* Release */,
			);
			defaultConfigurationIsVisible = 0;
			defaultConfigurationName = Debug;
		};
		5087E76C17EB910900C73F5D /* Build configuration list for PBXNativeTarget "cpp Mac" */ = {
			isa = XCConfigurationList;
			buildConfigurations = (
				5087E76D17EB910900C73F5D /* Debug */,
				5087E76E17EB910900C73F5D /* Release */,
			);
			defaultConfigurationIsVisible = 0;
			defaultConfigurationName = Debug;
		};
		C01FCF4E08A954540054247B /* Build configuration list for PBXProject "cpp" */ = {
			isa = XCConfigurationList;
			buildConfigurations = (
				C01FCF4F08A954540054247B /* Debug */,
				C01FCF5008A954540054247B /* Release */,
			);
			defaultConfigurationIsVisible = 0;
			defaultConfigurationName = Debug;
		};
/* End XCConfigurationList section */
	};
	rootObject = 29B97313FDCFA39411CA2CEA /* Project object */;
}
